// !$*UTF8*$!
{
	archiveVersion = 1;
	classes = {
	};
	objectVersion = 55;
	objects = {

/* Begin PBXBuildFile section */
		8141898C281CB9EF0019F5C6 /* AuthViewModel.swift in Sources */ = {isa = PBXBuildFile; fileRef = 8141898B281CB9EF0019F5C6 /* AuthViewModel.swift */; };
		814189B4281D98B30019F5C6 /* GoogleService-Info.plist in Resources */ = {isa = PBXBuildFile; fileRef = 814189B3281D98B30019F5C6 /* GoogleService-Info.plist */; };
		8178A6492826086C00E98D28 /* FirebaseAuth in Frameworks */ = {isa = PBXBuildFile; productRef = 8178A6482826086C00E98D28 /* FirebaseAuth */; };
		8178A64B2826086C00E98D28 /* FirebaseFirestore in Frameworks */ = {isa = PBXBuildFile; productRef = 8178A64A2826086C00E98D28 /* FirebaseFirestore */; };
		8178A64D2826086C00E98D28 /* FirebaseFirestoreSwift in Frameworks */ = {isa = PBXBuildFile; productRef = 8178A64C2826086C00E98D28 /* FirebaseFirestoreSwift */; };
		8178A64F2826086C00E98D28 /* FirebaseStorage in Frameworks */ = {isa = PBXBuildFile; productRef = 8178A64E2826086C00E98D28 /* FirebaseStorage */; };
		81B01685281B474E00163226 /* TaKNUApp.swift in Sources */ = {isa = PBXBuildFile; fileRef = 81B01684281B474E00163226 /* TaKNUApp.swift */; };
		81B01687281B474E00163226 /* ContentView.swift in Sources */ = {isa = PBXBuildFile; fileRef = 81B01686281B474E00163226 /* ContentView.swift */; };
		81B01689281B474E00163226 /* Assets.xcassets in Resources */ = {isa = PBXBuildFile; fileRef = 81B01688281B474E00163226 /* Assets.xcassets */; };
		81B0168C281B474E00163226 /* Preview Assets.xcassets in Resources */ = {isa = PBXBuildFile; fileRef = 81B0168B281B474E00163226 /* Preview Assets.xcassets */; };
		81B0169B281B493300163226 /* MainTabView.swift in Sources */ = {isa = PBXBuildFile; fileRef = 81B0169A281B493300163226 /* MainTabView.swift */; };
		81B0169F281B49A200163226 /* RoundedShape.swift in Sources */ = {isa = PBXBuildFile; fileRef = 81B0169E281B49A200163226 /* RoundedShape.swift */; };
		81B016A1281B49C600163226 /* CustomInputField.swift in Sources */ = {isa = PBXBuildFile; fileRef = 81B016A0281B49C600163226 /* CustomInputField.swift */; };
		81B016A5281B49FF00163226 /* LoginView.swift in Sources */ = {isa = PBXBuildFile; fileRef = 81B016A4281B49FF00163226 /* LoginView.swift */; };
		81B016A7281B4A1E00163226 /* RegistrationView.swift in Sources */ = {isa = PBXBuildFile; fileRef = 81B016A6281B4A1E00163226 /* RegistrationView.swift */; };
/* End PBXBuildFile section */

/* Begin PBXFileReference section */
		8141898B281CB9EF0019F5C6 /* AuthViewModel.swift */ = {isa = PBXFileReference; lastKnownFileType = sourcecode.swift; path = AuthViewModel.swift; sourceTree = "<group>"; };
		814189B3281D98B30019F5C6 /* GoogleService-Info.plist */ = {isa = PBXFileReference; lastKnownFileType = text.plist; path = "GoogleService-Info.plist"; sourceTree = SOURCE_ROOT; };
		81B01681281B474E00163226 /* TaKNU.app */ = {isa = PBXFileReference; explicitFileType = wrapper.application; includeInIndex = 0; path = TaKNU.app; sourceTree = BUILT_PRODUCTS_DIR; };
		81B01684281B474E00163226 /* TaKNUApp.swift */ = {isa = PBXFileReference; lastKnownFileType = sourcecode.swift; path = TaKNUApp.swift; sourceTree = "<group>"; };
		81B01686281B474E00163226 /* ContentView.swift */ = {isa = PBXFileReference; lastKnownFileType = sourcecode.swift; path = ContentView.swift; sourceTree = "<group>"; };
		81B01688281B474E00163226 /* Assets.xcassets */ = {isa = PBXFileReference; lastKnownFileType = folder.assetcatalog; path = Assets.xcassets; sourceTree = "<group>"; };
		81B0168B281B474E00163226 /* Preview Assets.xcassets */ = {isa = PBXFileReference; lastKnownFileType = folder.assetcatalog; path = "Preview Assets.xcassets"; sourceTree = "<group>"; };
		81B0169A281B493300163226 /* MainTabView.swift */ = {isa = PBXFileReference; lastKnownFileType = sourcecode.swift; path = MainTabView.swift; sourceTree = "<group>"; };
		81B0169E281B49A200163226 /* RoundedShape.swift */ = {isa = PBXFileReference; lastKnownFileType = sourcecode.swift; path = RoundedShape.swift; sourceTree = "<group>"; };
		81B016A0281B49C600163226 /* CustomInputField.swift */ = {isa = PBXFileReference; lastKnownFileType = sourcecode.swift; path = CustomInputField.swift; sourceTree = "<group>"; };
		81B016A4281B49FF00163226 /* LoginView.swift */ = {isa = PBXFileReference; lastKnownFileType = sourcecode.swift; path = LoginView.swift; sourceTree = "<group>"; };
		81B016A6281B4A1E00163226 /* RegistrationView.swift */ = {isa = PBXFileReference; lastKnownFileType = sourcecode.swift; path = RegistrationView.swift; sourceTree = "<group>"; };
/* End PBXFileReference section */

/* Begin PBXFrameworksBuildPhase section */
		81B0167E281B474E00163226 /* Frameworks */ = {
			isa = PBXFrameworksBuildPhase;
			buildActionMask = 2147483647;
			files = (
				8178A6492826086C00E98D28 /* FirebaseAuth in Frameworks */,
				8178A64F2826086C00E98D28 /* FirebaseStorage in Frameworks */,
				8178A64B2826086C00E98D28 /* FirebaseFirestore in Frameworks */,
				8178A64D2826086C00E98D28 /* FirebaseFirestoreSwift in Frameworks */,
			);
			runOnlyForDeploymentPostprocessing = 0;
		};
/* End PBXFrameworksBuildPhase section */

/* Begin PBXGroup section */
		81418987281CB77A0019F5C6 /* ViewModel */ = {
			isa = PBXGroup;
			children = (
				8141898B281CB9EF0019F5C6 /* AuthViewModel.swift */,
			);
			path = ViewModel;
			sourceTree = "<group>";
		};
		8141898A281CB80D0019F5C6 /* Authentication */ = {
			isa = PBXGroup;
			children = (
				81418987281CB77A0019F5C6 /* ViewModel */,
				81B016A2281B49E000163226 /* View */,
			);
			path = Authentication;
			sourceTree = "<group>";
		};
		8141898D281CBF7D0019F5C6 /* MainTab */ = {
			isa = PBXGroup;
			children = (
				81B0169A281B493300163226 /* MainTabView.swift */,
			);
			path = MainTab;
			sourceTree = "<group>";
		};
		81B01678281B474E00163226 = {
			isa = PBXGroup;
			children = (
				81B01695281B47AC00163226 /* 로그인 */,
				8141898A281CB80D0019F5C6 /* Authentication */,
				81B01683281B474E00163226 /* TaKNU */,
				81B01682281B474E00163226 /* Products */,
			);
			sourceTree = "<group>";
		};
		81B01682281B474E00163226 /* Products */ = {
			isa = PBXGroup;
			children = (
				81B01681281B474E00163226 /* TaKNU.app */,
			);
			name = Products;
			sourceTree = "<group>";
		};
		81B01683281B474E00163226 /* TaKNU */ = {
			isa = PBXGroup;
			children = (
				81B01684281B474E00163226 /* TaKNUApp.swift */,
				81B01686281B474E00163226 /* ContentView.swift */,
				81B01688281B474E00163226 /* Assets.xcassets */,
				814189B3281D98B30019F5C6 /* GoogleService-Info.plist */,
				81B0168A281B474E00163226 /* Preview Content */,
			);
			path = TaKNU;
			sourceTree = "<group>";
		};
		81B0168A281B474E00163226 /* Preview Content */ = {
			isa = PBXGroup;
			children = (
				81B0168B281B474E00163226 /* Preview Assets.xcassets */,
			);
			path = "Preview Content";
			sourceTree = "<group>";
		};
		81B01695281B47AC00163226 /* 로그인 */ = {
			isa = PBXGroup;
			children = (
				8141898D281CBF7D0019F5C6 /* MainTab */,
				81B01696281B47CF00163226 /* Components */,
			);
			name = "로그인";
			path = "로그인";
			sourceTree = "<group>";
		};
		81B01696281B47CF00163226 /* Components */ = {
			isa = PBXGroup;
			children = (
				81B01697281B483D00163226 /* Support */,
			);
			path = Components;
			sourceTree = "<group>";
		};
		81B01697281B483D00163226 /* Support */ = {
			isa = PBXGroup;
			children = (
				81B0169E281B49A200163226 /* RoundedShape.swift */,
				81B016A0281B49C600163226 /* CustomInputField.swift */,
			);
			path = Support;
			sourceTree = "<group>";
		};
		81B016A2281B49E000163226 /* View */ = {
			isa = PBXGroup;
			children = (
				81B016A4281B49FF00163226 /* LoginView.swift */,
				81B016A6281B4A1E00163226 /* RegistrationView.swift */,
			);
			path = View;
			sourceTree = "<group>";
		};
/* End PBXGroup section */

/* Begin PBXNativeTarget section */
		81B01680281B474E00163226 /* TaKNU */ = {
			isa = PBXNativeTarget;
			buildConfigurationList = 81B0168F281B474E00163226 /* Build configuration list for PBXNativeTarget "TaKNU" */;
			buildPhases = (
				81B0167D281B474E00163226 /* Sources */,
				81B0167E281B474E00163226 /* Frameworks */,
				81B0167F281B474E00163226 /* Resources */,
			);
			buildRules = (
			);
			dependencies = (
			);
			name = TaKNU;
			packageProductDependencies = (
				8178A6482826086C00E98D28 /* FirebaseAuth */,
				8178A64A2826086C00E98D28 /* FirebaseFirestore */,
				8178A64C2826086C00E98D28 /* FirebaseFirestoreSwift */,
				8178A64E2826086C00E98D28 /* FirebaseStorage */,
			);
			productName = "TaKNU-1";
			productReference = 81B01681281B474E00163226 /* TaKNU.app */;
			productType = "com.apple.product-type.application";
		};
/* End PBXNativeTarget section */

/* Begin PBXProject section */
		81B01679281B474E00163226 /* Project object */ = {
			isa = PBXProject;
			attributes = {
				BuildIndependentTargetsInParallel = 1;
				LastSwiftUpdateCheck = 1330;
				LastUpgradeCheck = 1330;
				TargetAttributes = {
					81B01680281B474E00163226 = {
						CreatedOnToolsVersion = 13.3.1;
					};
				};
			};
			buildConfigurationList = 81B0167C281B474E00163226 /* Build configuration list for PBXProject "TaKNU" */;
			compatibilityVersion = "Xcode 13.0";
			developmentRegion = en;
			hasScannedForEncodings = 0;
			knownRegions = (
				en,
				Base,
			);
			mainGroup = 81B01678281B474E00163226;
			packageReferences = (
				8178A6472826086C00E98D28 /* XCRemoteSwiftPackageReference "firebase-ios-sdk" */,
			);
			productRefGroup = 81B01682281B474E00163226 /* Products */;
			projectDirPath = "";
			projectRoot = "";
			targets = (
				81B01680281B474E00163226 /* TaKNU */,
			);
		};
/* End PBXProject section */

/* Begin PBXResourcesBuildPhase section */
		81B0167F281B474E00163226 /* Resources */ = {
			isa = PBXResourcesBuildPhase;
			buildActionMask = 2147483647;
			files = (
				81B0168C281B474E00163226 /* Preview Assets.xcassets in Resources */,
				814189B4281D98B30019F5C6 /* GoogleService-Info.plist in Resources */,
				81B01689281B474E00163226 /* Assets.xcassets in Resources */,
			);
			runOnlyForDeploymentPostprocessing = 0;
		};
/* End PBXResourcesBuildPhase section */

/* Begin PBXSourcesBuildPhase section */
		81B0167D281B474E00163226 /* Sources */ = {
			isa = PBXSourcesBuildPhase;
			buildActionMask = 2147483647;
			files = (
				81B0169F281B49A200163226 /* RoundedShape.swift in Sources */,
				81B016A5281B49FF00163226 /* LoginView.swift in Sources */,
				81B01687281B474E00163226 /* ContentView.swift in Sources */,
				81B0169B281B493300163226 /* MainTabView.swift in Sources */,
				81B016A1281B49C600163226 /* CustomInputField.swift in Sources */,
				81B01685281B474E00163226 /* TaKNUApp.swift in Sources */,
				81B016A7281B4A1E00163226 /* RegistrationView.swift in Sources */,
				8141898C281CB9EF0019F5C6 /* AuthViewModel.swift in Sources */,
			);
			runOnlyForDeploymentPostprocessing = 0;
		};
/* End PBXSourcesBuildPhase section */

/* Begin XCBuildConfiguration section */
		81B0168D281B474E00163226 /* Debug */ = {
			isa = XCBuildConfiguration;
			buildSettings = {
				ALWAYS_SEARCH_USER_PATHS = NO;
				CLANG_ANALYZER_NONNULL = YES;
				CLANG_ANALYZER_NUMBER_OBJECT_CONVERSION = YES_AGGRESSIVE;
				CLANG_CXX_LANGUAGE_STANDARD = "gnu++17";
				CLANG_ENABLE_MODULES = YES;
				CLANG_ENABLE_OBJC_ARC = YES;
				CLANG_ENABLE_OBJC_WEAK = YES;
				CLANG_WARN_BLOCK_CAPTURE_AUTORELEASING = YES;
				CLANG_WARN_BOOL_CONVERSION = YES;
				CLANG_WARN_COMMA = YES;
				CLANG_WARN_CONSTANT_CONVERSION = YES;
				CLANG_WARN_DEPRECATED_OBJC_IMPLEMENTATIONS = YES;
				CLANG_WARN_DIRECT_OBJC_ISA_USAGE = YES_ERROR;
				CLANG_WARN_DOCUMENTATION_COMMENTS = YES;
				CLANG_WARN_EMPTY_BODY = YES;
				CLANG_WARN_ENUM_CONVERSION = YES;
				CLANG_WARN_INFINITE_RECURSION = YES;
				CLANG_WARN_INT_CONVERSION = YES;
				CLANG_WARN_NON_LITERAL_NULL_CONVERSION = YES;
				CLANG_WARN_OBJC_IMPLICIT_RETAIN_SELF = YES;
				CLANG_WARN_OBJC_LITERAL_CONVERSION = YES;
				CLANG_WARN_OBJC_ROOT_CLASS = YES_ERROR;
				CLANG_WARN_QUOTED_INCLUDE_IN_FRAMEWORK_HEADER = YES;
				CLANG_WARN_RANGE_LOOP_ANALYSIS = YES;
				CLANG_WARN_STRICT_PROTOTYPES = YES;
				CLANG_WARN_SUSPICIOUS_MOVE = YES;
				CLANG_WARN_UNGUARDED_AVAILABILITY = YES_AGGRESSIVE;
				CLANG_WARN_UNREACHABLE_CODE = YES;
				CLANG_WARN__DUPLICATE_METHOD_MATCH = YES;
				COPY_PHASE_STRIP = NO;
				DEBUG_INFORMATION_FORMAT = dwarf;
				ENABLE_STRICT_OBJC_MSGSEND = YES;
				ENABLE_TESTABILITY = YES;
				GCC_C_LANGUAGE_STANDARD = gnu11;
				GCC_DYNAMIC_NO_PIC = NO;
				GCC_NO_COMMON_BLOCKS = YES;
				GCC_OPTIMIZATION_LEVEL = 0;
				GCC_PREPROCESSOR_DEFINITIONS = (
					"DEBUG=1",
					"$(inherited)",
				);
				GCC_WARN_64_TO_32_BIT_CONVERSION = YES;
				GCC_WARN_ABOUT_RETURN_TYPE = YES_ERROR;
				GCC_WARN_UNDECLARED_SELECTOR = YES;
				GCC_WARN_UNINITIALIZED_AUTOS = YES_AGGRESSIVE;
				GCC_WARN_UNUSED_FUNCTION = YES;
				GCC_WARN_UNUSED_VARIABLE = YES;
				IPHONEOS_DEPLOYMENT_TARGET = 15.4;
				MTL_ENABLE_DEBUG_INFO = INCLUDE_SOURCE;
				MTL_FAST_MATH = YES;
				ONLY_ACTIVE_ARCH = YES;
				SDKROOT = iphoneos;
				SWIFT_ACTIVE_COMPILATION_CONDITIONS = DEBUG;
				SWIFT_OPTIMIZATION_LEVEL = "-Onone";
			};
			name = Debug;
		};
		81B0168E281B474E00163226 /* Release */ = {
			isa = XCBuildConfiguration;
			buildSettings = {
				ALWAYS_SEARCH_USER_PATHS = NO;
				CLANG_ANALYZER_NONNULL = YES;
				CLANG_ANALYZER_NUMBER_OBJECT_CONVERSION = YES_AGGRESSIVE;
				CLANG_CXX_LANGUAGE_STANDARD = "gnu++17";
				CLANG_ENABLE_MODULES = YES;
				CLANG_ENABLE_OBJC_ARC = YES;
				CLANG_ENABLE_OBJC_WEAK = YES;
				CLANG_WARN_BLOCK_CAPTURE_AUTORELEASING = YES;
				CLANG_WARN_BOOL_CONVERSION = YES;
				CLANG_WARN_COMMA = YES;
				CLANG_WARN_CONSTANT_CONVERSION = YES;
				CLANG_WARN_DEPRECATED_OBJC_IMPLEMENTATIONS = YES;
				CLANG_WARN_DIRECT_OBJC_ISA_USAGE = YES_ERROR;
				CLANG_WARN_DOCUMENTATION_COMMENTS = YES;
				CLANG_WARN_EMPTY_BODY = YES;
				CLANG_WARN_ENUM_CONVERSION = YES;
				CLANG_WARN_INFINITE_RECURSION = YES;
				CLANG_WARN_INT_CONVERSION = YES;
				CLANG_WARN_NON_LITERAL_NULL_CONVERSION = YES;
				CLANG_WARN_OBJC_IMPLICIT_RETAIN_SELF = YES;
				CLANG_WARN_OBJC_LITERAL_CONVERSION = YES;
				CLANG_WARN_OBJC_ROOT_CLASS = YES_ERROR;
				CLANG_WARN_QUOTED_INCLUDE_IN_FRAMEWORK_HEADER = YES;
				CLANG_WARN_RANGE_LOOP_ANALYSIS = YES;
				CLANG_WARN_STRICT_PROTOTYPES = YES;
				CLANG_WARN_SUSPICIOUS_MOVE = YES;
				CLANG_WARN_UNGUARDED_AVAILABILITY = YES_AGGRESSIVE;
				CLANG_WARN_UNREACHABLE_CODE = YES;
				CLANG_WARN__DUPLICATE_METHOD_MATCH = YES;
				COPY_PHASE_STRIP = NO;
				DEBUG_INFORMATION_FORMAT = "dwarf-with-dsym";
				ENABLE_NS_ASSERTIONS = NO;
				ENABLE_STRICT_OBJC_MSGSEND = YES;
				GCC_C_LANGUAGE_STANDARD = gnu11;
				GCC_NO_COMMON_BLOCKS = YES;
				GCC_WARN_64_TO_32_BIT_CONVERSION = YES;
				GCC_WARN_ABOUT_RETURN_TYPE = YES_ERROR;
				GCC_WARN_UNDECLARED_SELECTOR = YES;
				GCC_WARN_UNINITIALIZED_AUTOS = YES_AGGRESSIVE;
				GCC_WARN_UNUSED_FUNCTION = YES;
				GCC_WARN_UNUSED_VARIABLE = YES;
				IPHONEOS_DEPLOYMENT_TARGET = 15.4;
				MTL_ENABLE_DEBUG_INFO = NO;
				MTL_FAST_MATH = YES;
				SDKROOT = iphoneos;
				SWIFT_COMPILATION_MODE = wholemodule;
				SWIFT_OPTIMIZATION_LEVEL = "-O";
				VALIDATE_PRODUCT = YES;
			};
			name = Release;
		};
		81B01690281B474E00163226 /* Debug */ = {
			isa = XCBuildConfiguration;
			buildSettings = {
				ASSETCATALOG_COMPILER_APPICON_NAME = AppIcon;
				ASSETCATALOG_COMPILER_GLOBAL_ACCENT_COLOR_NAME = AccentColor;
				CODE_SIGN_STYLE = Automatic;
				CURRENT_PROJECT_VERSION = 1;
				DEVELOPMENT_ASSET_PATHS = "$(inherited)";
				DEVELOPMENT_TEAM = 76BPK74Q6R;
				ENABLE_PREVIEWS = YES;
				FRAMEWORK_SEARCH_PATHS = "$(inherited)";
				"FRAMEWORK_SEARCH_PATHS[arch=*]" = "$(inherited)";
				GENERATE_INFOPLIST_FILE = YES;
				HEADER_SEARCH_PATHS = "$(inherited)";
				INFOPLIST_KEY_UIApplicationSceneManifest_Generation = YES;
				INFOPLIST_KEY_UIApplicationSupportsIndirectInputEvents = YES;
				INFOPLIST_KEY_UILaunchScreen_Generation = YES;
				INFOPLIST_KEY_UISupportedInterfaceOrientations_iPad = "UIInterfaceOrientationPortrait UIInterfaceOrientationPortraitUpsideDown UIInterfaceOrientationLandscapeLeft UIInterfaceOrientationLandscapeRight";
				INFOPLIST_KEY_UISupportedInterfaceOrientations_iPhone = "UIInterfaceOrientationPortrait UIInterfaceOrientationLandscapeLeft UIInterfaceOrientationLandscapeRight";
				LD_RUNPATH_SEARCH_PATHS = (
					"$(inherited)",
					"@executable_path/Frameworks",
				);
				MARKETING_VERSION = 1.0;
				PRODUCT_BUNDLE_IDENTIFIER = kr.ac.knu.comp420.instructor.TaKNU;
				PRODUCT_NAME = TaKNU;
				SWIFT_EMIT_LOC_STRINGS = YES;
				SWIFT_VERSION = 5.0;
				TARGETED_DEVICE_FAMILY = "1,2";
			};
			name = Debug;
		};
		81B01691281B474E00163226 /* Release */ = {
			isa = XCBuildConfiguration;
			buildSettings = {
				ASSETCATALOG_COMPILER_APPICON_NAME = AppIcon;
				ASSETCATALOG_COMPILER_GLOBAL_ACCENT_COLOR_NAME = AccentColor;
				CODE_SIGN_STYLE = Automatic;
				CURRENT_PROJECT_VERSION = 1;
				DEVELOPMENT_ASSET_PATHS = "$(inherited)";
				DEVELOPMENT_TEAM = 76BPK74Q6R;
				ENABLE_PREVIEWS = YES;
				FRAMEWORK_SEARCH_PATHS = "$(inherited)";
				GENERATE_INFOPLIST_FILE = YES;
				HEADER_SEARCH_PATHS = "$(inherited)";
				INFOPLIST_KEY_UIApplicationSceneManifest_Generation = YES;
				INFOPLIST_KEY_UIApplicationSupportsIndirectInputEvents = YES;
				INFOPLIST_KEY_UILaunchScreen_Generation = YES;
				INFOPLIST_KEY_UISupportedInterfaceOrientations_iPad = "UIInterfaceOrientationPortrait UIInterfaceOrientationPortraitUpsideDown UIInterfaceOrientationLandscapeLeft UIInterfaceOrientationLandscapeRight";
				INFOPLIST_KEY_UISupportedInterfaceOrientations_iPhone = "UIInterfaceOrientationPortrait UIInterfaceOrientationLandscapeLeft UIInterfaceOrientationLandscapeRight";
				LD_RUNPATH_SEARCH_PATHS = (
					"$(inherited)",
					"@executable_path/Frameworks",
				);
				MARKETING_VERSION = 1.0;
				PRODUCT_BUNDLE_IDENTIFIER = kr.ac.knu.comp420.instructor.TaKNU;
				PRODUCT_NAME = TaKNU;
				SWIFT_EMIT_LOC_STRINGS = YES;
				SWIFT_VERSION = 5.0;
				TARGETED_DEVICE_FAMILY = "1,2";
			};
			name = Release;
		};
/* End XCBuildConfiguration section */

/* Begin XCConfigurationList section */
		81B0167C281B474E00163226 /* Build configuration list for PBXProject "TaKNU" */ = {
			isa = XCConfigurationList;
			buildConfigurations = (
				81B0168D281B474E00163226 /* Debug */,
				81B0168E281B474E00163226 /* Release */,
			);
			defaultConfigurationIsVisible = 0;
			defaultConfigurationName = Release;
		};
		81B0168F281B474E00163226 /* Build configuration list for PBXNativeTarget "TaKNU" */ = {
			isa = XCConfigurationList;
			buildConfigurations = (
				81B01690281B474E00163226 /* Debug */,
				81B01691281B474E00163226 /* Release */,
			);
			defaultConfigurationIsVisible = 0;
			defaultConfigurationName = Release;
		};
/* End XCConfigurationList section */

/* Begin XCRemoteSwiftPackageReference section */
		8178A6472826086C00E98D28 /* XCRemoteSwiftPackageReference "firebase-ios-sdk" */ = {
			isa = XCRemoteSwiftPackageReference;
			repositoryURL = "https://github.com/firebase/firebase-ios-sdk";
			requirement = {
				kind = upToNextMajorVersion;
				minimumVersion = 9.0.0;
			};
		};
/* End XCRemoteSwiftPackageReference section */

/* Begin XCSwiftPackageProductDependency section */
		8178A6482826086C00E98D28 /* FirebaseAuth */ = {
			isa = XCSwiftPackageProductDependency;
			package = 8178A6472826086C00E98D28 /* XCRemoteSwiftPackageReference "firebase-ios-sdk" */;
			productName = FirebaseAuth;
		};
		8178A64A2826086C00E98D28 /* FirebaseFirestore */ = {
			isa = XCSwiftPackageProductDependency;
			package = 8178A6472826086C00E98D28 /* XCRemoteSwiftPackageReference "firebase-ios-sdk" */;
			productName = FirebaseFirestore;
		};
		8178A64C2826086C00E98D28 /* FirebaseFirestoreSwift */ = {
			isa = XCSwiftPackageProductDependency;
			package = 8178A6472826086C00E98D28 /* XCRemoteSwiftPackageReference "firebase-ios-sdk" */;
			productName = FirebaseFirestoreSwift;
		};
		8178A64E2826086C00E98D28 /* FirebaseStorage */ = {
			isa = XCSwiftPackageProductDependency;
			package = 8178A6472826086C00E98D28 /* XCRemoteSwiftPackageReference "firebase-ios-sdk" */;
			productName = FirebaseStorage;
		};
/* End XCSwiftPackageProductDependency section */
	};
	rootObject = 81B01679281B474E00163226 /* Project object */;
}
