// !$*UTF8*$!
{
	archiveVersion = 1;
	classes = {
	};
	objectVersion = 55;
	objects = {

/* Begin PBXBuildFile section */
		F357746428192832002FBCDA /* TaKNUApp.swift in Sources */ = {isa = PBXBuildFile; fileRef = F357746328192832002FBCDA /* TaKNUApp.swift */; };
		F357746628192832002FBCDA /* ContentView.swift in Sources */ = {isa = PBXBuildFile; fileRef = F357746528192832002FBCDA /* ContentView.swift */; };
		F357746828192833002FBCDA /* Assets.xcassets in Resources */ = {isa = PBXBuildFile; fileRef = F357746728192833002FBCDA /* Assets.xcassets */; };
		F357746B28192833002FBCDA /* Preview Assets.xcassets in Resources */ = {isa = PBXBuildFile; fileRef = F357746A28192833002FBCDA /* Preview Assets.xcassets */; };
		F357747228192860002FBCDA /* takeConfView.swift in Sources */ = {isa = PBXBuildFile; fileRef = F357747128192860002FBCDA /* takeConfView.swift */; };
		F357747428192DBE002FBCDA /* overdueView.swift in Sources */ = {isa = PBXBuildFile; fileRef = F357747328192DBE002FBCDA /* overdueView.swift */; };
		F357747628192EA6002FBCDA /* settingView.swift in Sources */ = {isa = PBXBuildFile; fileRef = F357747528192EA6002FBCDA /* settingView.swift */; };
		F3D29C5828226207007F5070 /* AdministerView.swift in Sources */ = {isa = PBXBuildFile; fileRef = F3D29C5728226207007F5070 /* AdministerView.swift */; };
		F3D29C5A2822620D007F5070 /* CheckOverdueView.swift in Sources */ = {isa = PBXBuildFile; fileRef = F3D29C592822620D007F5070 /* CheckOverdueView.swift */; };
		F3D29C5C28226215007F5070 /* RenderListVIew.swift in Sources */ = {isa = PBXBuildFile; fileRef = F3D29C5B28226215007F5070 /* RenderListVIew.swift */; };
		F3D29C5E2822621D007F5070 /* UserManage.swift in Sources */ = {isa = PBXBuildFile; fileRef = F3D29C5D2822621D007F5070 /* UserManage.swift */; };
		F3D29C6228226231007F5070 /* returnView.swift in Sources */ = {isa = PBXBuildFile; fileRef = F3D29C6128226231007F5070 /* returnView.swift */; };
		F3D29C6428226237007F5070 /* menuView.swift in Sources */ = {isa = PBXBuildFile; fileRef = F3D29C6328226237007F5070 /* menuView.swift */; };
/* End PBXBuildFile section */

/* Begin PBXFileReference section */
		F357746028192832002FBCDA /* TaKNU.app */ = {isa = PBXFileReference; explicitFileType = wrapper.application; includeInIndex = 0; path = TaKNU.app; sourceTree = BUILT_PRODUCTS_DIR; };
		F357746328192832002FBCDA /* TaKNUApp.swift */ = {isa = PBXFileReference; lastKnownFileType = sourcecode.swift; path = TaKNUApp.swift; sourceTree = "<group>"; };
		F357746528192832002FBCDA /* ContentView.swift */ = {isa = PBXFileReference; lastKnownFileType = sourcecode.swift; path = ContentView.swift; sourceTree = "<group>"; };
		F357746728192833002FBCDA /* Assets.xcassets */ = {isa = PBXFileReference; lastKnownFileType = folder.assetcatalog; path = Assets.xcassets; sourceTree = "<group>"; };
		F357746A28192833002FBCDA /* Preview Assets.xcassets */ = {isa = PBXFileReference; lastKnownFileType = folder.assetcatalog; path = "Preview Assets.xcassets"; sourceTree = "<group>"; };
		F357747128192860002FBCDA /* takeConfView.swift */ = {isa = PBXFileReference; lastKnownFileType = sourcecode.swift; path = takeConfView.swift; sourceTree = "<group>"; };
		F357747328192DBE002FBCDA /* overdueView.swift */ = {isa = PBXFileReference; lastKnownFileType = sourcecode.swift; path = overdueView.swift; sourceTree = "<group>"; };
		F357747528192EA6002FBCDA /* settingView.swift */ = {isa = PBXFileReference; lastKnownFileType = sourcecode.swift; path = settingView.swift; sourceTree = "<group>"; };
		F3D29C5728226207007F5070 /* AdministerView.swift */ = {isa = PBXFileReference; fileEncoding = 4; lastKnownFileType = sourcecode.swift; path = AdministerView.swift; sourceTree = "<group>"; };
		F3D29C592822620D007F5070 /* CheckOverdueView.swift */ = {isa = PBXFileReference; fileEncoding = 4; lastKnownFileType = sourcecode.swift; path = CheckOverdueView.swift; sourceTree = "<group>"; };
		F3D29C5B28226215007F5070 /* RenderListVIew.swift */ = {isa = PBXFileReference; fileEncoding = 4; lastKnownFileType = sourcecode.swift; path = RenderListVIew.swift; sourceTree = "<group>"; };
		F3D29C5D2822621D007F5070 /* UserManage.swift */ = {isa = PBXFileReference; fileEncoding = 4; lastKnownFileType = sourcecode.swift; path = UserManage.swift; sourceTree = "<group>"; };
		F3D29C6128226231007F5070 /* returnView.swift */ = {isa = PBXFileReference; fileEncoding = 4; lastKnownFileType = sourcecode.swift; path = returnView.swift; sourceTree = "<group>"; };
		F3D29C6328226237007F5070 /* menuView.swift */ = {isa = PBXFileReference; fileEncoding = 4; lastKnownFileType = sourcecode.swift; path = menuView.swift; sourceTree = "<group>"; };
/* End PBXFileReference section */

/* Begin PBXFrameworksBuildPhase section */
		F357745D28192832002FBCDA /* Frameworks */ = {
			isa = PBXFrameworksBuildPhase;
			buildActionMask = 2147483647;
			files = (
			);
			runOnlyForDeploymentPostprocessing = 0;
		};
/* End PBXFrameworksBuildPhase section */

/* Begin PBXGroup section */
		F357745728192832002FBCDA = {
			isa = PBXGroup;
			children = (
				F357746228192832002FBCDA /* TaKNU */,
				F357746128192832002FBCDA /* Products */,
			);
			sourceTree = "<group>";
		};
		F357746128192832002FBCDA /* Products */ = {
			isa = PBXGroup;
			children = (
				F357746028192832002FBCDA /* TaKNU.app */,
			);
			name = Products;
			sourceTree = "<group>";
		};
		F357746228192832002FBCDA /* TaKNU */ = {
			isa = PBXGroup;
			children = (
				F357746328192832002FBCDA /* TaKNUApp.swift */,
				F357746528192832002FBCDA /* ContentView.swift */,
				F357747128192860002FBCDA /* takeConfView.swift */,
				F357747328192DBE002FBCDA /* overdueView.swift */,
				F357747528192EA6002FBCDA /* settingView.swift */,
				F3D29C5728226207007F5070 /* AdministerView.swift */,
				F3D29C592822620D007F5070 /* CheckOverdueView.swift */,
				F3D29C5B28226215007F5070 /* RenderListVIew.swift */,
				F3D29C5D2822621D007F5070 /* UserManage.swift */,
				F3D29C6128226231007F5070 /* returnView.swift */,
				F3D29C6328226237007F5070 /* menuView.swift */,
				F357746728192833002FBCDA /* Assets.xcassets */,
				F357746928192833002FBCDA /* Preview Content */,
			);
			path = TaKNU;
			sourceTree = "<group>";
		};
		F357746928192833002FBCDA /* Preview Content */ = {
			isa = PBXGroup;
			children = (
				F357746A28192833002FBCDA /* Preview Assets.xcassets */,
			);
			path = "Preview Content";
			sourceTree = "<group>";
		};
/* End PBXGroup section */

/* Begin PBXNativeTarget section */
		F357745F28192832002FBCDA /* TaKNU */ = {
			isa = PBXNativeTarget;
			buildConfigurationList = F357746E28192833002FBCDA /* Build configuration list for PBXNativeTarget "TaKNU" */;
			buildPhases = (
				F357745C28192832002FBCDA /* Sources */,
				F357745D28192832002FBCDA /* Frameworks */,
				F357745E28192832002FBCDA /* Resources */,
			);
			buildRules = (
			);
			dependencies = (
			);
			name = TaKNU;
			productName = TaKNU;
			productReference = F357746028192832002FBCDA /* TaKNU.app */;
			productType = "com.apple.product-type.application";
		};
/* End PBXNativeTarget section */

/* Begin PBXProject section */
		F357745828192832002FBCDA /* Project object */ = {
			isa = PBXProject;
			attributes = {
				BuildIndependentTargetsInParallel = 1;
				LastSwiftUpdateCheck = 1320;
				LastUpgradeCheck = 1320;
				TargetAttributes = {
					F357745F28192832002FBCDA = {
						CreatedOnToolsVersion = 13.2.1;
					};
				};
			};
			buildConfigurationList = F357745B28192832002FBCDA /* Build configuration list for PBXProject "TaKNU" */;
			compatibilityVersion = "Xcode 13.0";
			developmentRegion = en;
			hasScannedForEncodings = 0;
			knownRegions = (
				en,
				Base,
			);
			mainGroup = F357745728192832002FBCDA;
			productRefGroup = F357746128192832002FBCDA /* Products */;
			projectDirPath = "";
			projectRoot = "";
			targets = (
				F357745F28192832002FBCDA /* TaKNU */,
			);
		};
/* End PBXProject section */

/* Begin PBXResourcesBuildPhase section */
		F357745E28192832002FBCDA /* Resources */ = {
			isa = PBXResourcesBuildPhase;
			buildActionMask = 2147483647;
			files = (
				F357746B28192833002FBCDA /* Preview Assets.xcassets in Resources */,
				F357746828192833002FBCDA /* Assets.xcassets in Resources */,
			);
			runOnlyForDeploymentPostprocessing = 0;
		};
/* End PBXResourcesBuildPhase section */

/* Begin PBXSourcesBuildPhase section */
		F357745C28192832002FBCDA /* Sources */ = {
			isa = PBXSourcesBuildPhase;
			buildActionMask = 2147483647;
			files = (
				F357747228192860002FBCDA /* takeConfView.swift in Sources */,
				F357747628192EA6002FBCDA /* settingView.swift in Sources */,
				F3D29C6228226231007F5070 /* returnView.swift in Sources */,
				F3D29C5828226207007F5070 /* AdministerView.swift in Sources */,
				F3D29C5A2822620D007F5070 /* CheckOverdueView.swift in Sources */,
				F357747428192DBE002FBCDA /* overdueView.swift in Sources */,
				F357746628192832002FBCDA /* ContentView.swift in Sources */,
				F3D29C5E2822621D007F5070 /* UserManage.swift in Sources */,
				F3D29C6428226237007F5070 /* menuView.swift in Sources */,
				F3D29C5C28226215007F5070 /* RenderListVIew.swift in Sources */,
				F357746428192832002FBCDA /* TaKNUApp.swift in Sources */,
			);
			runOnlyForDeploymentPostprocessing = 0;
		};
/* End PBXSourcesBuildPhase section */

/* Begin XCBuildConfiguration section */
		F357746C28192833002FBCDA /* Debug */ = {
			isa = XCBuildConfiguration;
			buildSettings = {
				ALWAYS_SEARCH_USER_PATHS = NO;
				CLANG_ANALYZER_NONNULL = YES;
				CLANG_ANALYZER_NUMBER_OBJECT_CONVERSION = YES_AGGRESSIVE;
				CLANG_CXX_LANGUAGE_STANDARD = "gnu++17";
				CLANG_CXX_LIBRARY = "libc++";
				CLANG_ENABLE_MODULES = YES;
				CLANG_ENABLE_OBJC_ARC = YES;
				CLANG_ENABLE_OBJC_WEAK = YES;
				CLANG_WARN_BLOCK_CAPTURE_AUTORELEASING = YES;
				CLANG_WARN_BOOL_CONVERSION = YES;
				CLANG_WARN_COMMA = YES;
				CLANG_WARN_CONSTANT_CONVERSION = YES;
				CLANG_WARN_DEPRECATED_OBJC_IMPLEMENTATIONS = YES;
				CLANG_WARN_DIRECT_OBJC_ISA_USAGE = YES_ERROR;
				CLANG_WARN_DOCUMENTATION_COMMENTS = YES;
				CLANG_WARN_EMPTY_BODY = YES;
				CLANG_WARN_ENUM_CONVERSION = YES;
				CLANG_WARN_INFINITE_RECURSION = YES;
				CLANG_WARN_INT_CONVERSION = YES;
				CLANG_WARN_NON_LITERAL_NULL_CONVERSION = YES;
				CLANG_WARN_OBJC_IMPLICIT_RETAIN_SELF = YES;
				CLANG_WARN_OBJC_LITERAL_CONVERSION = YES;
				CLANG_WARN_OBJC_ROOT_CLASS = YES_ERROR;
				CLANG_WARN_QUOTED_INCLUDE_IN_FRAMEWORK_HEADER = YES;
				CLANG_WARN_RANGE_LOOP_ANALYSIS = YES;
				CLANG_WARN_STRICT_PROTOTYPES = YES;
				CLANG_WARN_SUSPICIOUS_MOVE = YES;
				CLANG_WARN_UNGUARDED_AVAILABILITY = YES_AGGRESSIVE;
				CLANG_WARN_UNREACHABLE_CODE = YES;
				CLANG_WARN__DUPLICATE_METHOD_MATCH = YES;
				COPY_PHASE_STRIP = NO;
				DEBUG_INFORMATION_FORMAT = dwarf;
				ENABLE_STRICT_OBJC_MSGSEND = YES;
				ENABLE_TESTABILITY = YES;
				GCC_C_LANGUAGE_STANDARD = gnu11;
				GCC_DYNAMIC_NO_PIC = NO;
				GCC_NO_COMMON_BLOCKS = YES;
				GCC_OPTIMIZATION_LEVEL = 0;
				GCC_PREPROCESSOR_DEFINITIONS = (
					"DEBUG=1",
					"$(inherited)",
				);
				GCC_WARN_64_TO_32_BIT_CONVERSION = YES;
				GCC_WARN_ABOUT_RETURN_TYPE = YES_ERROR;
				GCC_WARN_UNDECLARED_SELECTOR = YES;
				GCC_WARN_UNINITIALIZED_AUTOS = YES_AGGRESSIVE;
				GCC_WARN_UNUSED_FUNCTION = YES;
				GCC_WARN_UNUSED_VARIABLE = YES;
				IPHONEOS_DEPLOYMENT_TARGET = 15.2;
				MTL_ENABLE_DEBUG_INFO = INCLUDE_SOURCE;
				MTL_FAST_MATH = YES;
				ONLY_ACTIVE_ARCH = YES;
				SDKROOT = iphoneos;
				SWIFT_ACTIVE_COMPILATION_CONDITIONS = DEBUG;
				SWIFT_OPTIMIZATION_LEVEL = "-Onone";
			};
			name = Debug;
		};
		F357746D28192833002FBCDA /* Release */ = {
			isa = XCBuildConfiguration;
			buildSettings = {
				ALWAYS_SEARCH_USER_PATHS = NO;
				CLANG_ANALYZER_NONNULL = YES;
				CLANG_ANALYZER_NUMBER_OBJECT_CONVERSION = YES_AGGRESSIVE;
				CLANG_CXX_LANGUAGE_STANDARD = "gnu++17";
				CLANG_CXX_LIBRARY = "libc++";
				CLANG_ENABLE_MODULES = YES;
				CLANG_ENABLE_OBJC_ARC = YES;
				CLANG_ENABLE_OBJC_WEAK = YES;
				CLANG_WARN_BLOCK_CAPTURE_AUTORELEASING = YES;
				CLANG_WARN_BOOL_CONVERSION = YES;
				CLANG_WARN_COMMA = YES;
				CLANG_WARN_CONSTANT_CONVERSION = YES;
				CLANG_WARN_DEPRECATED_OBJC_IMPLEMENTATIONS = YES;
				CLANG_WARN_DIRECT_OBJC_ISA_USAGE = YES_ERROR;
				CLANG_WARN_DOCUMENTATION_COMMENTS = YES;
				CLANG_WARN_EMPTY_BODY = YES;
				CLANG_WARN_ENUM_CONVERSION = YES;
				CLANG_WARN_INFINITE_RECURSION = YES;
				CLANG_WARN_INT_CONVERSION = YES;
				CLANG_WARN_NON_LITERAL_NULL_CONVERSION = YES;
				CLANG_WARN_OBJC_IMPLICIT_RETAIN_SELF = YES;
				CLANG_WARN_OBJC_LITERAL_CONVERSION = YES;
				CLANG_WARN_OBJC_ROOT_CLASS = YES_ERROR;
				CLANG_WARN_QUOTED_INCLUDE_IN_FRAMEWORK_HEADER = YES;
				CLANG_WARN_RANGE_LOOP_ANALYSIS = YES;
				CLANG_WARN_STRICT_PROTOTYPES = YES;
				CLANG_WARN_SUSPICIOUS_MOVE = YES;
				CLANG_WARN_UNGUARDED_AVAILABILITY = YES_AGGRESSIVE;
				CLANG_WARN_UNREACHABLE_CODE = YES;
				CLANG_WARN__DUPLICATE_METHOD_MATCH = YES;
				COPY_PHASE_STRIP = NO;
				DEBUG_INFORMATION_FORMAT = "dwarf-with-dsym";
				ENABLE_NS_ASSERTIONS = NO;
				ENABLE_STRICT_OBJC_MSGSEND = YES;
				GCC_C_LANGUAGE_STANDARD = gnu11;
				GCC_NO_COMMON_BLOCKS = YES;
				GCC_WARN_64_TO_32_BIT_CONVERSION = YES;
				GCC_WARN_ABOUT_RETURN_TYPE = YES_ERROR;
				GCC_WARN_UNDECLARED_SELECTOR = YES;
				GCC_WARN_UNINITIALIZED_AUTOS = YES_AGGRESSIVE;
				GCC_WARN_UNUSED_FUNCTION = YES;
				GCC_WARN_UNUSED_VARIABLE = YES;
				IPHONEOS_DEPLOYMENT_TARGET = 15.2;
				MTL_ENABLE_DEBUG_INFO = NO;
				MTL_FAST_MATH = YES;
				SDKROOT = iphoneos;
				SWIFT_COMPILATION_MODE = wholemodule;
				SWIFT_OPTIMIZATION_LEVEL = "-O";
				VALIDATE_PRODUCT = YES;
			};
			name = Release;
		};
		F357746F28192833002FBCDA /* Debug */ = {
			isa = XCBuildConfiguration;
			buildSettings = {
				ASSETCATALOG_COMPILER_APPICON_NAME = AppIcon;
				ASSETCATALOG_COMPILER_GLOBAL_ACCENT_COLOR_NAME = AccentColor;
				CODE_SIGN_STYLE = Automatic;
				CURRENT_PROJECT_VERSION = 1;
				DEVELOPMENT_ASSET_PATHS = "\"TaKNU/Preview Content\"";
				ENABLE_PREVIEWS = YES;
				GENERATE_INFOPLIST_FILE = YES;
				INFOPLIST_KEY_UIApplicationSceneManifest_Generation = YES;
				INFOPLIST_KEY_UIApplicationSupportsIndirectInputEvents = YES;
				INFOPLIST_KEY_UILaunchScreen_Generation = YES;
				INFOPLIST_KEY_UISupportedInterfaceOrientations_iPad = "UIInterfaceOrientationPortrait UIInterfaceOrientationPortraitUpsideDown UIInterfaceOrientationLandscapeLeft UIInterfaceOrientationLandscapeRight";
				INFOPLIST_KEY_UISupportedInterfaceOrientations_iPhone = "UIInterfaceOrientationPortrait UIInterfaceOrientationLandscapeLeft UIInterfaceOrientationLandscapeRight";
				LD_RUNPATH_SEARCH_PATHS = (
					"$(inherited)",
					"@executable_path/Frameworks",
				);
				MARKETING_VERSION = 1.0;
				PRODUCT_BUNDLE_IDENTIFIER = knu.TaKNU;
				PRODUCT_NAME = "$(TARGET_NAME)";
				SWIFT_EMIT_LOC_STRINGS = YES;
				SWIFT_VERSION = 5.0;
				TARGETED_DEVICE_FAMILY = "1,2";
			};
			name = Debug;
		};
		F357747028192833002FBCDA /* Release */ = {
			isa = XCBuildConfiguration;
			buildSettings = {
				ASSETCATALOG_COMPILER_APPICON_NAME = AppIcon;
				ASSETCATALOG_COMPILER_GLOBAL_ACCENT_COLOR_NAME = AccentColor;
				CODE_SIGN_STYLE = Automatic;
				CURRENT_PROJECT_VERSION = 1;
				DEVELOPMENT_ASSET_PATHS = "\"TaKNU/Preview Content\"";
				ENABLE_PREVIEWS = YES;
				GENERATE_INFOPLIST_FILE = YES;
				INFOPLIST_KEY_UIApplicationSceneManifest_Generation = YES;
				INFOPLIST_KEY_UIApplicationSupportsIndirectInputEvents = YES;
				INFOPLIST_KEY_UILaunchScreen_Generation = YES;
				INFOPLIST_KEY_UISupportedInterfaceOrientations_iPad = "UIInterfaceOrientationPortrait UIInterfaceOrientationPortraitUpsideDown UIInterfaceOrientationLandscapeLeft UIInterfaceOrientationLandscapeRight";
				INFOPLIST_KEY_UISupportedInterfaceOrientations_iPhone = "UIInterfaceOrientationPortrait UIInterfaceOrientationLandscapeLeft UIInterfaceOrientationLandscapeRight";
				LD_RUNPATH_SEARCH_PATHS = (
					"$(inherited)",
					"@executable_path/Frameworks",
				);
				MARKETING_VERSION = 1.0;
				PRODUCT_BUNDLE_IDENTIFIER = knu.TaKNU;
				PRODUCT_NAME = "$(TARGET_NAME)";
				SWIFT_EMIT_LOC_STRINGS = YES;
				SWIFT_VERSION = 5.0;
				TARGETED_DEVICE_FAMILY = "1,2";
			};
			name = Release;
		};
/* End XCBuildConfiguration section */

/* Begin XCConfigurationList section */
		F357745B28192832002FBCDA /* Build configuration list for PBXProject "TaKNU" */ = {
			isa = XCConfigurationList;
			buildConfigurations = (
				F357746C28192833002FBCDA /* Debug */,
				F357746D28192833002FBCDA /* Release */,
			);
			defaultConfigurationIsVisible = 0;
			defaultConfigurationName = Release;
		};
		F357746E28192833002FBCDA /* Build configuration list for PBXNativeTarget "TaKNU" */ = {
			isa = XCConfigurationList;
			buildConfigurations = (
				F357746F28192833002FBCDA /* Debug */,
				F357747028192833002FBCDA /* Release */,
			);
			defaultConfigurationIsVisible = 0;
			defaultConfigurationName = Release;
		};
/* End XCConfigurationList section */
	};
	rootObject = F357745828192832002FBCDA /* Project object */;
}
