// !$*UTF8*$!
{
	archiveVersion = 1;
	classes = {
	};
	objectVersion = 55;
	objects = {

/* Begin PBXBuildFile section */
		F3279A3C2828DD6A0067A153 /* AuthenticationModel.swift in Sources */ = {isa = PBXBuildFile; fileRef = F3279A3B2828DD6A0067A153 /* AuthenticationModel.swift */; };
		F32C72C02830DFF70070AA27 /* TaKNUApp.swift in Sources */ = {isa = PBXBuildFile; fileRef = F32C72BF2830DFF70070AA27 /* TaKNUApp.swift */; };
		F32C72D22830E0130070AA27 /* AdministerView.swift in Sources */ = {isa = PBXBuildFile; fileRef = F32C72C12830E0130070AA27 /* AdministerView.swift */; };
		F32C72D32830E0130070AA27 /* rentView.swift in Sources */ = {isa = PBXBuildFile; fileRef = F32C72C22830E0130070AA27 /* rentView.swift */; };
		F32C72D52830E0130070AA27 /* overdueView.swift in Sources */ = {isa = PBXBuildFile; fileRef = F32C72C42830E0130070AA27 /* overdueView.swift */; };
		F32C72D62830E0130070AA27 /* itemImage.swift in Sources */ = {isa = PBXBuildFile; fileRef = F32C72C52830E0130070AA27 /* itemImage.swift */; };
		F32C72D72830E0130070AA27 /* rentItemImage.swift in Sources */ = {isa = PBXBuildFile; fileRef = F32C72C62830E0130070AA27 /* rentItemImage.swift */; };
		F32C72D82830E0130070AA27 /* returnModalView.swift in Sources */ = {isa = PBXBuildFile; fileRef = F32C72C72830E0130070AA27 /* returnModalView.swift */; };
		F32C72D92830E0130070AA27 /* settingView.swift in Sources */ = {isa = PBXBuildFile; fileRef = F32C72C82830E0130070AA27 /* settingView.swift */; };
		F32C72DA2830E0130070AA27 /* currentRentStateView.swift in Sources */ = {isa = PBXBuildFile; fileRef = F32C72C92830E0130070AA27 /* currentRentStateView.swift */; };
		F32C72DB2830E0130070AA27 /* CheckOverdueView.swift in Sources */ = {isa = PBXBuildFile; fileRef = F32C72CA2830E0130070AA27 /* CheckOverdueView.swift */; };
		F32C72DC2830E0130070AA27 /* menuView.swift in Sources */ = {isa = PBXBuildFile; fileRef = F32C72CB2830E0130070AA27 /* menuView.swift */; };
		F32C72DD2830E0130070AA27 /* MySettingView.swift in Sources */ = {isa = PBXBuildFile; fileRef = F32C72CC2830E0130070AA27 /* MySettingView.swift */; };
		F32C72DE2830E0130070AA27 /* tabView.swift in Sources */ = {isa = PBXBuildFile; fileRef = F32C72CD2830E0130070AA27 /* tabView.swift */; };
		F32C72DF2830E0130070AA27 /* checkboxView.swift in Sources */ = {isa = PBXBuildFile; fileRef = F32C72CE2830E0130070AA27 /* checkboxView.swift */; };
		F32C72E02830E0130070AA27 /* rentedBox.swift in Sources */ = {isa = PBXBuildFile; fileRef = F32C72CF2830E0130070AA27 /* rentedBox.swift */; };
		F32C72E12830E0130070AA27 /* UserManage.swift in Sources */ = {isa = PBXBuildFile; fileRef = F32C72D02830E0130070AA27 /* UserManage.swift */; };
		F32C72E22830E0130070AA27 /* RenderListVIew.swift in Sources */ = {isa = PBXBuildFile; fileRef = F32C72D12830E0130070AA27 /* RenderListVIew.swift */; };
		F32C72E42830F63A0070AA27 /* testView.swift in Sources */ = {isa = PBXBuildFile; fileRef = F32C72E32830F63A0070AA27 /* testView.swift */; };
		F33EF6892844CFAB00B38557 /* LoginView.swift in Sources */ = {isa = PBXBuildFile; fileRef = F33EF6872844CFAB00B38557 /* LoginView.swift */; };
		F33EF68A2844CFAB00B38557 /* RegistrationView.swift in Sources */ = {isa = PBXBuildFile; fileRef = F33EF6882844CFAB00B38557 /* RegistrationView.swift */; };
		F33EF68C2844CFED00B38557 /* MainTabView.swift in Sources */ = {isa = PBXBuildFile; fileRef = F33EF68B2844CFED00B38557 /* MainTabView.swift */; };
		F33EF68E2844D02300B38557 /* RoundedShape.swift in Sources */ = {isa = PBXBuildFile; fileRef = F33EF68D2844D02300B38557 /* RoundedShape.swift */; };
		F33EF6902844D06400B38557 /* CustomInputField.swift in Sources */ = {isa = PBXBuildFile; fileRef = F33EF68F2844D06400B38557 /* CustomInputField.swift */; };
		F34F65D028507A2700272A59 /* rentViewModel.swift in Sources */ = {isa = PBXBuildFile; fileRef = F34F65CF28507A2700272A59 /* rentViewModel.swift */; };
		F34F65D228507A5C00272A59 /* rentModel.swift in Sources */ = {isa = PBXBuildFile; fileRef = F34F65D128507A5C00272A59 /* rentModel.swift */; };
		F357746828192833002FBCDA /* Assets.xcassets in Resources */ = {isa = PBXBuildFile; fileRef = F357746728192833002FBCDA /* Assets.xcassets */; };
		F357746B28192833002FBCDA /* Preview Assets.xcassets in Resources */ = {isa = PBXBuildFile; fileRef = F357746A28192833002FBCDA /* Preview Assets.xcassets */; };
		F3D29C662822679D007F5070 /* GoogleService-Info.plist in Resources */ = {isa = PBXBuildFile; fileRef = F3D29C652822679D007F5070 /* GoogleService-Info.plist */; };
		F3D29C692822684B007F5070 /* FirebaseAnalytics in Frameworks */ = {isa = PBXBuildFile; productRef = F3D29C682822684B007F5070 /* FirebaseAnalytics */; };
		F3D29C6B2822684B007F5070 /* FirebaseAnalyticsSwift-Beta in Frameworks */ = {isa = PBXBuildFile; productRef = F3D29C6A2822684B007F5070 /* FirebaseAnalyticsSwift-Beta */; };
		F3D29C6D2822684B007F5070 /* FirebaseAnalyticsWithoutAdIdSupport in Frameworks */ = {isa = PBXBuildFile; productRef = F3D29C6C2822684B007F5070 /* FirebaseAnalyticsWithoutAdIdSupport */; };
		F3D29C6F2822684B007F5070 /* FirebaseAppCheck in Frameworks */ = {isa = PBXBuildFile; productRef = F3D29C6E2822684B007F5070 /* FirebaseAppCheck */; };
		F3D29C712822684B007F5070 /* FirebaseAppDistribution-Beta in Frameworks */ = {isa = PBXBuildFile; productRef = F3D29C702822684B007F5070 /* FirebaseAppDistribution-Beta */; };
		F3D29C732822684B007F5070 /* FirebaseAuth in Frameworks */ = {isa = PBXBuildFile; productRef = F3D29C722822684B007F5070 /* FirebaseAuth */; };
		F3D29C752822684B007F5070 /* FirebaseAuthCombine-Community in Frameworks */ = {isa = PBXBuildFile; productRef = F3D29C742822684B007F5070 /* FirebaseAuthCombine-Community */; };
		F3D29C772822684B007F5070 /* FirebaseCrashlytics in Frameworks */ = {isa = PBXBuildFile; productRef = F3D29C762822684B007F5070 /* FirebaseCrashlytics */; };
		F3D29C792822684B007F5070 /* FirebaseDatabase in Frameworks */ = {isa = PBXBuildFile; productRef = F3D29C782822684B007F5070 /* FirebaseDatabase */; };
		F3D29C7B2822684B007F5070 /* FirebaseDatabaseSwift-Beta in Frameworks */ = {isa = PBXBuildFile; productRef = F3D29C7A2822684B007F5070 /* FirebaseDatabaseSwift-Beta */; };
		F3D29C7D2822684B007F5070 /* FirebaseDynamicLinks in Frameworks */ = {isa = PBXBuildFile; productRef = F3D29C7C2822684B007F5070 /* FirebaseDynamicLinks */; };
		F3D29C7F2822684B007F5070 /* FirebaseFirestore in Frameworks */ = {isa = PBXBuildFile; productRef = F3D29C7E2822684B007F5070 /* FirebaseFirestore */; };
		F3D29C812822684B007F5070 /* FirebaseFirestoreCombine-Community in Frameworks */ = {isa = PBXBuildFile; productRef = F3D29C802822684B007F5070 /* FirebaseFirestoreCombine-Community */; };
		F3D29C832822684B007F5070 /* FirebaseFirestoreSwift-Beta in Frameworks */ = {isa = PBXBuildFile; productRef = F3D29C822822684B007F5070 /* FirebaseFirestoreSwift-Beta */; };
		F3D29C852822684B007F5070 /* FirebaseFunctions in Frameworks */ = {isa = PBXBuildFile; productRef = F3D29C842822684B007F5070 /* FirebaseFunctions */; };
		F3D29C872822684B007F5070 /* FirebaseInAppMessaging-Beta in Frameworks */ = {isa = PBXBuildFile; productRef = F3D29C862822684B007F5070 /* FirebaseInAppMessaging-Beta */; };
		F3D29C892822684B007F5070 /* FirebaseInAppMessagingSwift-Beta in Frameworks */ = {isa = PBXBuildFile; productRef = F3D29C882822684B007F5070 /* FirebaseInAppMessagingSwift-Beta */; };
		F3D29C8B2822684B007F5070 /* FirebaseMessaging in Frameworks */ = {isa = PBXBuildFile; productRef = F3D29C8A2822684B007F5070 /* FirebaseMessaging */; };
		F3D29C8D2822684B007F5070 /* FirebaseRemoteConfig in Frameworks */ = {isa = PBXBuildFile; productRef = F3D29C8C2822684B007F5070 /* FirebaseRemoteConfig */; };
		F3D29C8F2822684B007F5070 /* FirebaseRemoteConfigSwift-Beta in Frameworks */ = {isa = PBXBuildFile; productRef = F3D29C8E2822684B007F5070 /* FirebaseRemoteConfigSwift-Beta */; };
		F3D29C912822684B007F5070 /* FirebaseStorage in Frameworks */ = {isa = PBXBuildFile; productRef = F3D29C902822684B007F5070 /* FirebaseStorage */; };
		F3D29C932822684B007F5070 /* FirebaseStorageCombine-Community in Frameworks */ = {isa = PBXBuildFile; productRef = F3D29C922822684B007F5070 /* FirebaseStorageCombine-Community */; };
		F3D29C952822684B007F5070 /* FirebaseStorageSwift-Beta in Frameworks */ = {isa = PBXBuildFile; productRef = F3D29C942822684B007F5070 /* FirebaseStorageSwift-Beta */; };
		F3EB29062849DC0C007F8055 /* ViewRouter.swift in Sources */ = {isa = PBXBuildFile; fileRef = F3EB29052849DC0C007F8055 /* ViewRouter.swift */; };
		F3EB29082849DCA7007F8055 /* MainView.swift in Sources */ = {isa = PBXBuildFile; fileRef = F3EB29072849DCA7007F8055 /* MainView.swift */; };
/* End PBXBuildFile section */

/* Begin PBXFileReference section */
		F3279A3B2828DD6A0067A153 /* AuthenticationModel.swift */ = {isa = PBXFileReference; lastKnownFileType = sourcecode.swift; path = AuthenticationModel.swift; sourceTree = "<group>"; };
		F32C72BF2830DFF70070AA27 /* TaKNUApp.swift */ = {isa = PBXFileReference; fileEncoding = 4; lastKnownFileType = sourcecode.swift; path = TaKNUApp.swift; sourceTree = "<group>"; };
		F32C72C12830E0130070AA27 /* AdministerView.swift */ = {isa = PBXFileReference; fileEncoding = 4; lastKnownFileType = sourcecode.swift; path = AdministerView.swift; sourceTree = "<group>"; };
		F32C72C22830E0130070AA27 /* rentView.swift */ = {isa = PBXFileReference; fileEncoding = 4; lastKnownFileType = sourcecode.swift; path = rentView.swift; sourceTree = "<group>"; };
		F32C72C42830E0130070AA27 /* overdueView.swift */ = {isa = PBXFileReference; fileEncoding = 4; lastKnownFileType = sourcecode.swift; path = overdueView.swift; sourceTree = "<group>"; };
		F32C72C52830E0130070AA27 /* itemImage.swift */ = {isa = PBXFileReference; fileEncoding = 4; lastKnownFileType = sourcecode.swift; path = itemImage.swift; sourceTree = "<group>"; };
		F32C72C62830E0130070AA27 /* rentItemImage.swift */ = {isa = PBXFileReference; fileEncoding = 4; lastKnownFileType = sourcecode.swift; path = rentItemImage.swift; sourceTree = "<group>"; };
		F32C72C72830E0130070AA27 /* returnModalView.swift */ = {isa = PBXFileReference; fileEncoding = 4; lastKnownFileType = sourcecode.swift; path = returnModalView.swift; sourceTree = "<group>"; };
		F32C72C82830E0130070AA27 /* settingView.swift */ = {isa = PBXFileReference; fileEncoding = 4; lastKnownFileType = sourcecode.swift; path = settingView.swift; sourceTree = "<group>"; };
		F32C72C92830E0130070AA27 /* currentRentStateView.swift */ = {isa = PBXFileReference; fileEncoding = 4; lastKnownFileType = sourcecode.swift; path = currentRentStateView.swift; sourceTree = "<group>"; };
		F32C72CA2830E0130070AA27 /* CheckOverdueView.swift */ = {isa = PBXFileReference; fileEncoding = 4; lastKnownFileType = sourcecode.swift; path = CheckOverdueView.swift; sourceTree = "<group>"; };
		F32C72CB2830E0130070AA27 /* menuView.swift */ = {isa = PBXFileReference; fileEncoding = 4; lastKnownFileType = sourcecode.swift; path = menuView.swift; sourceTree = "<group>"; };
		F32C72CC2830E0130070AA27 /* MySettingView.swift */ = {isa = PBXFileReference; fileEncoding = 4; lastKnownFileType = sourcecode.swift; path = MySettingView.swift; sourceTree = "<group>"; };
		F32C72CD2830E0130070AA27 /* tabView.swift */ = {isa = PBXFileReference; fileEncoding = 4; lastKnownFileType = sourcecode.swift; path = tabView.swift; sourceTree = "<group>"; };
		F32C72CE2830E0130070AA27 /* checkboxView.swift */ = {isa = PBXFileReference; fileEncoding = 4; lastKnownFileType = sourcecode.swift; path = checkboxView.swift; sourceTree = "<group>"; };
		F32C72CF2830E0130070AA27 /* rentedBox.swift */ = {isa = PBXFileReference; fileEncoding = 4; lastKnownFileType = sourcecode.swift; path = rentedBox.swift; sourceTree = "<group>"; };
		F32C72D02830E0130070AA27 /* UserManage.swift */ = {isa = PBXFileReference; fileEncoding = 4; lastKnownFileType = sourcecode.swift; path = UserManage.swift; sourceTree = "<group>"; };
		F32C72D12830E0130070AA27 /* RenderListVIew.swift */ = {isa = PBXFileReference; fileEncoding = 4; lastKnownFileType = sourcecode.swift; path = RenderListVIew.swift; sourceTree = "<group>"; };
		F32C72E32830F63A0070AA27 /* testView.swift */ = {isa = PBXFileReference; lastKnownFileType = sourcecode.swift; path = testView.swift; sourceTree = "<group>"; };
		F33EF6872844CFAB00B38557 /* LoginView.swift */ = {isa = PBXFileReference; fileEncoding = 4; lastKnownFileType = sourcecode.swift; path = LoginView.swift; sourceTree = "<group>"; };
		F33EF6882844CFAB00B38557 /* RegistrationView.swift */ = {isa = PBXFileReference; fileEncoding = 4; lastKnownFileType = sourcecode.swift; path = RegistrationView.swift; sourceTree = "<group>"; };
		F33EF68B2844CFED00B38557 /* MainTabView.swift */ = {isa = PBXFileReference; fileEncoding = 4; lastKnownFileType = sourcecode.swift; path = MainTabView.swift; sourceTree = "<group>"; };
		F33EF68D2844D02300B38557 /* RoundedShape.swift */ = {isa = PBXFileReference; fileEncoding = 4; lastKnownFileType = sourcecode.swift; path = RoundedShape.swift; sourceTree = "<group>"; };
		F33EF68F2844D06400B38557 /* CustomInputField.swift */ = {isa = PBXFileReference; fileEncoding = 4; lastKnownFileType = sourcecode.swift; path = CustomInputField.swift; sourceTree = "<group>"; };
		F34F65CF28507A2700272A59 /* rentViewModel.swift */ = {isa = PBXFileReference; lastKnownFileType = sourcecode.swift; path = rentViewModel.swift; sourceTree = "<group>"; };
		F34F65D128507A5C00272A59 /* rentModel.swift */ = {isa = PBXFileReference; lastKnownFileType = sourcecode.swift; path = rentModel.swift; sourceTree = "<group>"; };
		F357746028192832002FBCDA /* TaKNU.app */ = {isa = PBXFileReference; explicitFileType = wrapper.application; includeInIndex = 0; path = TaKNU.app; sourceTree = BUILT_PRODUCTS_DIR; };
		F357746728192833002FBCDA /* Assets.xcassets */ = {isa = PBXFileReference; lastKnownFileType = folder.assetcatalog; path = Assets.xcassets; sourceTree = "<group>"; };
		F357746A28192833002FBCDA /* Preview Assets.xcassets */ = {isa = PBXFileReference; lastKnownFileType = folder.assetcatalog; path = "Preview Assets.xcassets"; sourceTree = "<group>"; };
		F3D29C652822679D007F5070 /* GoogleService-Info.plist */ = {isa = PBXFileReference; fileEncoding = 4; lastKnownFileType = text.plist.xml; path = "GoogleService-Info.plist"; sourceTree = "<group>"; };
		F3EB29052849DC0C007F8055 /* ViewRouter.swift */ = {isa = PBXFileReference; lastKnownFileType = sourcecode.swift; path = ViewRouter.swift; sourceTree = "<group>"; };
		F3EB29072849DCA7007F8055 /* MainView.swift */ = {isa = PBXFileReference; lastKnownFileType = sourcecode.swift; path = MainView.swift; sourceTree = "<group>"; };
/* End PBXFileReference section */

/* Begin PBXFrameworksBuildPhase section */
		F357745D28192832002FBCDA /* Frameworks */ = {
			isa = PBXFrameworksBuildPhase;
			buildActionMask = 2147483647;
			files = (
				F3D29C932822684B007F5070 /* FirebaseStorageCombine-Community in Frameworks */,
				F3D29C8B2822684B007F5070 /* FirebaseMessaging in Frameworks */,
				F3D29C812822684B007F5070 /* FirebaseFirestoreCombine-Community in Frameworks */,
				F3D29C892822684B007F5070 /* FirebaseInAppMessagingSwift-Beta in Frameworks */,
				F3D29C7B2822684B007F5070 /* FirebaseDatabaseSwift-Beta in Frameworks */,
				F3D29C7D2822684B007F5070 /* FirebaseDynamicLinks in Frameworks */,
				F3D29C6F2822684B007F5070 /* FirebaseAppCheck in Frameworks */,
				F3D29C732822684B007F5070 /* FirebaseAuth in Frameworks */,
				F3D29C6B2822684B007F5070 /* FirebaseAnalyticsSwift-Beta in Frameworks */,
				F3D29C952822684B007F5070 /* FirebaseStorageSwift-Beta in Frameworks */,
				F3D29C7F2822684B007F5070 /* FirebaseFirestore in Frameworks */,
				F3D29C712822684B007F5070 /* FirebaseAppDistribution-Beta in Frameworks */,
				F3D29C8D2822684B007F5070 /* FirebaseRemoteConfig in Frameworks */,
				F3D29C912822684B007F5070 /* FirebaseStorage in Frameworks */,
				F3D29C8F2822684B007F5070 /* FirebaseRemoteConfigSwift-Beta in Frameworks */,
				F3D29C6D2822684B007F5070 /* FirebaseAnalyticsWithoutAdIdSupport in Frameworks */,
				F3D29C832822684B007F5070 /* FirebaseFirestoreSwift-Beta in Frameworks */,
				F3D29C772822684B007F5070 /* FirebaseCrashlytics in Frameworks */,
				F3D29C872822684B007F5070 /* FirebaseInAppMessaging-Beta in Frameworks */,
				F3D29C792822684B007F5070 /* FirebaseDatabase in Frameworks */,
				F3D29C852822684B007F5070 /* FirebaseFunctions in Frameworks */,
				F3D29C752822684B007F5070 /* FirebaseAuthCombine-Community in Frameworks */,
				F3D29C692822684B007F5070 /* FirebaseAnalytics in Frameworks */,
			);
			runOnlyForDeploymentPostprocessing = 0;
		};
/* End PBXFrameworksBuildPhase section */

/* Begin PBXGroup section */
		F3279A382828DD090067A153 /* View */ = {
			isa = PBXGroup;
			children = (
				F371BBC42845B3EF008E80E2 /* temp */,
				F371BBC32845B346008E80E2 /* Component */,
				F3EB290D284A0EE5007F8055 /* Auth */,
				F3EB2909284A0E60007F8055 /* Home */,
				F3EB290B284A0E80007F8055 /* rent */,
				F3EB290C284A0E98007F8055 /* setting */,
			);
			path = View;
			sourceTree = "<group>";
		};
		F3279A3A2828DD460067A153 /* Model */ = {
			isa = PBXGroup;
			children = (
				F3279A3B2828DD6A0067A153 /* AuthenticationModel.swift */,
				F34F65CF28507A2700272A59 /* rentViewModel.swift */,
				F34F65D128507A5C00272A59 /* rentModel.swift */,
			);
			path = Model;
			sourceTree = "<group>";
		};
		F357745728192832002FBCDA = {
			isa = PBXGroup;
			children = (
				F357746228192832002FBCDA /* TaKNU */,
				F357746128192832002FBCDA /* Products */,
			);
			sourceTree = "<group>";
		};
		F357746128192832002FBCDA /* Products */ = {
			isa = PBXGroup;
			children = (
				F357746028192832002FBCDA /* TaKNU.app */,
			);
			name = Products;
			sourceTree = "<group>";
		};
		F357746228192832002FBCDA /* TaKNU */ = {
			isa = PBXGroup;
			children = (
				F32C72BF2830DFF70070AA27 /* TaKNUApp.swift */,
				F3EB29072849DCA7007F8055 /* MainView.swift */,
				F3279A3A2828DD460067A153 /* Model */,
				F3279A382828DD090067A153 /* View */,
				F3D29C652822679D007F5070 /* GoogleService-Info.plist */,
				F357746728192833002FBCDA /* Assets.xcassets */,
				F357746928192833002FBCDA /* Preview Content */,
			);
			path = TaKNU;
			sourceTree = "<group>";
		};
		F357746928192833002FBCDA /* Preview Content */ = {
			isa = PBXGroup;
			children = (
				F357746A28192833002FBCDA /* Preview Assets.xcassets */,
			);
			path = "Preview Content";
			sourceTree = "<group>";
		};
		F371BBC32845B346008E80E2 /* Component */ = {
			isa = PBXGroup;
			children = (
				F32C72CD2830E0130070AA27 /* tabView.swift */,
				F32C72CF2830E0130070AA27 /* rentedBox.swift */,
				F32C72C62830E0130070AA27 /* rentItemImage.swift */,
				F32C72C52830E0130070AA27 /* itemImage.swift */,
				F33EF68F2844D06400B38557 /* CustomInputField.swift */,
				F33EF68D2844D02300B38557 /* RoundedShape.swift */,
				F33EF68B2844CFED00B38557 /* MainTabView.swift */,
				F32C72CE2830E0130070AA27 /* checkboxView.swift */,
				F3EB29052849DC0C007F8055 /* ViewRouter.swift */,
			);
			path = Component;
			sourceTree = "<group>";
		};
		F371BBC42845B3EF008E80E2 /* temp */ = {
			isa = PBXGroup;
			children = (
				F32C72C42830E0130070AA27 /* overdueView.swift */,
				F32C72C12830E0130070AA27 /* AdministerView.swift */,
				F32C72CA2830E0130070AA27 /* CheckOverdueView.swift */,
				F32C72E32830F63A0070AA27 /* testView.swift */,
				F32C72D02830E0130070AA27 /* UserManage.swift */,
			);
			path = temp;
			sourceTree = "<group>";
		};
		F3EB2909284A0E60007F8055 /* Home */ = {
			isa = PBXGroup;
			children = (
				F32C72C22830E0130070AA27 /* rentView.swift */,
				F32C72CB2830E0130070AA27 /* menuView.swift */,
			);
			path = Home;
			sourceTree = "<group>";
		};
		F3EB290B284A0E80007F8055 /* rent */ = {
			isa = PBXGroup;
			children = (
				F32C72C72830E0130070AA27 /* returnModalView.swift */,
				F32C72C92830E0130070AA27 /* currentRentStateView.swift */,
			);
			path = rent;
			sourceTree = "<group>";
		};
		F3EB290C284A0E98007F8055 /* setting */ = {
			isa = PBXGroup;
			children = (
				F32C72C82830E0130070AA27 /* settingView.swift */,
				F32C72D12830E0130070AA27 /* RenderListVIew.swift */,
				F32C72CC2830E0130070AA27 /* MySettingView.swift */,
			);
			path = setting;
			sourceTree = "<group>";
		};
		F3EB290D284A0EE5007F8055 /* Auth */ = {
			isa = PBXGroup;
			children = (
				F33EF6872844CFAB00B38557 /* LoginView.swift */,
				F33EF6882844CFAB00B38557 /* RegistrationView.swift */,
			);
			path = Auth;
			sourceTree = "<group>";
		};
/* End PBXGroup section */

/* Begin PBXNativeTarget section */
		F357745F28192832002FBCDA /* TaKNU */ = {
			isa = PBXNativeTarget;
			buildConfigurationList = F357746E28192833002FBCDA /* Build configuration list for PBXNativeTarget "TaKNU" */;
			buildPhases = (
				F357745C28192832002FBCDA /* Sources */,
				F357745D28192832002FBCDA /* Frameworks */,
				F357745E28192832002FBCDA /* Resources */,
			);
			buildRules = (
			);
			dependencies = (
			);
			name = TaKNU;
			packageProductDependencies = (
				F3D29C682822684B007F5070 /* FirebaseAnalytics */,
				F3D29C6A2822684B007F5070 /* FirebaseAnalyticsSwift-Beta */,
				F3D29C6C2822684B007F5070 /* FirebaseAnalyticsWithoutAdIdSupport */,
				F3D29C6E2822684B007F5070 /* FirebaseAppCheck */,
				F3D29C702822684B007F5070 /* FirebaseAppDistribution-Beta */,
				F3D29C722822684B007F5070 /* FirebaseAuth */,
				F3D29C742822684B007F5070 /* FirebaseAuthCombine-Community */,
				F3D29C762822684B007F5070 /* FirebaseCrashlytics */,
				F3D29C782822684B007F5070 /* FirebaseDatabase */,
				F3D29C7A2822684B007F5070 /* FirebaseDatabaseSwift-Beta */,
				F3D29C7C2822684B007F5070 /* FirebaseDynamicLinks */,
				F3D29C7E2822684B007F5070 /* FirebaseFirestore */,
				F3D29C802822684B007F5070 /* FirebaseFirestoreCombine-Community */,
				F3D29C822822684B007F5070 /* FirebaseFirestoreSwift-Beta */,
				F3D29C842822684B007F5070 /* FirebaseFunctions */,
				F3D29C862822684B007F5070 /* FirebaseInAppMessaging-Beta */,
				F3D29C882822684B007F5070 /* FirebaseInAppMessagingSwift-Beta */,
				F3D29C8A2822684B007F5070 /* FirebaseMessaging */,
				F3D29C8C2822684B007F5070 /* FirebaseRemoteConfig */,
				F3D29C8E2822684B007F5070 /* FirebaseRemoteConfigSwift-Beta */,
				F3D29C902822684B007F5070 /* FirebaseStorage */,
				F3D29C922822684B007F5070 /* FirebaseStorageCombine-Community */,
				F3D29C942822684B007F5070 /* FirebaseStorageSwift-Beta */,
			);
			productName = TaKNU;
			productReference = F357746028192832002FBCDA /* TaKNU.app */;
			productType = "com.apple.product-type.application";
		};
/* End PBXNativeTarget section */

/* Begin PBXProject section */
		F357745828192832002FBCDA /* Project object */ = {
			isa = PBXProject;
			attributes = {
				BuildIndependentTargetsInParallel = 1;
				LastSwiftUpdateCheck = 1320;
				LastUpgradeCheck = 1320;
				TargetAttributes = {
					F357745F28192832002FBCDA = {
						CreatedOnToolsVersion = 13.2.1;
					};
				};
			};
			buildConfigurationList = F357745B28192832002FBCDA /* Build configuration list for PBXProject "TaKNU" */;
			compatibilityVersion = "Xcode 13.0";
			developmentRegion = en;
			hasScannedForEncodings = 0;
			knownRegions = (
				en,
				Base,
			);
			mainGroup = F357745728192832002FBCDA;
			packageReferences = (
				F3D29C672822684A007F5070 /* XCRemoteSwiftPackageReference "firebase-ios-sdk" */,
			);
			productRefGroup = F357746128192832002FBCDA /* Products */;
			projectDirPath = "";
			projectRoot = "";
			targets = (
				F357745F28192832002FBCDA /* TaKNU */,
			);
		};
/* End PBXProject section */

/* Begin PBXResourcesBuildPhase section */
		F357745E28192832002FBCDA /* Resources */ = {
			isa = PBXResourcesBuildPhase;
			buildActionMask = 2147483647;
			files = (
				F357746B28192833002FBCDA /* Preview Assets.xcassets in Resources */,
				F357746828192833002FBCDA /* Assets.xcassets in Resources */,
				F3D29C662822679D007F5070 /* GoogleService-Info.plist in Resources */,
			);
			runOnlyForDeploymentPostprocessing = 0;
		};
/* End PBXResourcesBuildPhase section */

/* Begin PBXSourcesBuildPhase section */
		F357745C28192832002FBCDA /* Sources */ = {
			isa = PBXSourcesBuildPhase;
			buildActionMask = 2147483647;
			files = (
				F32C72C02830DFF70070AA27 /* TaKNUApp.swift in Sources */,
				F32C72E02830E0130070AA27 /* rentedBox.swift in Sources */,
				F32C72DC2830E0130070AA27 /* menuView.swift in Sources */,
				F3EB29062849DC0C007F8055 /* ViewRouter.swift in Sources */,
				F32C72DB2830E0130070AA27 /* CheckOverdueView.swift in Sources */,
				F33EF6892844CFAB00B38557 /* LoginView.swift in Sources */,
				F33EF68E2844D02300B38557 /* RoundedShape.swift in Sources */,
				F32C72DF2830E0130070AA27 /* checkboxView.swift in Sources */,
				F32C72D22830E0130070AA27 /* AdministerView.swift in Sources */,
				F32C72E42830F63A0070AA27 /* testView.swift in Sources */,
				F32C72D62830E0130070AA27 /* itemImage.swift in Sources */,
				F34F65D028507A2700272A59 /* rentViewModel.swift in Sources */,
				F32C72DA2830E0130070AA27 /* currentRentStateView.swift in Sources */,
				F32C72E22830E0130070AA27 /* RenderListVIew.swift in Sources */,
				F32C72D52830E0130070AA27 /* overdueView.swift in Sources */,
				F33EF6902844D06400B38557 /* CustomInputField.swift in Sources */,
				F34F65D228507A5C00272A59 /* rentModel.swift in Sources */,
				F33EF68A2844CFAB00B38557 /* RegistrationView.swift in Sources */,
				F3279A3C2828DD6A0067A153 /* AuthenticationModel.swift in Sources */,
				F32C72DE2830E0130070AA27 /* tabView.swift in Sources */,
				F3EB29082849DCA7007F8055 /* MainView.swift in Sources */,
				F32C72E12830E0130070AA27 /* UserManage.swift in Sources */,
				F33EF68C2844CFED00B38557 /* MainTabView.swift in Sources */,
				F32C72D32830E0130070AA27 /* rentView.swift in Sources */,
				F32C72D82830E0130070AA27 /* returnModalView.swift in Sources */,
				F32C72D92830E0130070AA27 /* settingView.swift in Sources */,
				F32C72DD2830E0130070AA27 /* MySettingView.swift in Sources */,
				F32C72D72830E0130070AA27 /* rentItemImage.swift in Sources */,
			);
			runOnlyForDeploymentPostprocessing = 0;
		};
/* End PBXSourcesBuildPhase section */

/* Begin XCBuildConfiguration section */
		F357746C28192833002FBCDA /* Debug */ = {
			isa = XCBuildConfiguration;
			buildSettings = {
				ALWAYS_SEARCH_USER_PATHS = NO;
				CLANG_ANALYZER_NONNULL = YES;
				CLANG_ANALYZER_NUMBER_OBJECT_CONVERSION = YES_AGGRESSIVE;
				CLANG_CXX_LANGUAGE_STANDARD = "gnu++17";
				CLANG_CXX_LIBRARY = "libc++";
				CLANG_ENABLE_MODULES = YES;
				CLANG_ENABLE_OBJC_ARC = YES;
				CLANG_ENABLE_OBJC_WEAK = YES;
				CLANG_WARN_BLOCK_CAPTURE_AUTORELEASING = YES;
				CLANG_WARN_BOOL_CONVERSION = YES;
				CLANG_WARN_COMMA = YES;
				CLANG_WARN_CONSTANT_CONVERSION = YES;
				CLANG_WARN_DEPRECATED_OBJC_IMPLEMENTATIONS = YES;
				CLANG_WARN_DIRECT_OBJC_ISA_USAGE = YES_ERROR;
				CLANG_WARN_DOCUMENTATION_COMMENTS = YES;
				CLANG_WARN_EMPTY_BODY = YES;
				CLANG_WARN_ENUM_CONVERSION = YES;
				CLANG_WARN_INFINITE_RECURSION = YES;
				CLANG_WARN_INT_CONVERSION = YES;
				CLANG_WARN_NON_LITERAL_NULL_CONVERSION = YES;
				CLANG_WARN_OBJC_IMPLICIT_RETAIN_SELF = YES;
				CLANG_WARN_OBJC_LITERAL_CONVERSION = YES;
				CLANG_WARN_OBJC_ROOT_CLASS = YES_ERROR;
				CLANG_WARN_QUOTED_INCLUDE_IN_FRAMEWORK_HEADER = YES;
				CLANG_WARN_RANGE_LOOP_ANALYSIS = YES;
				CLANG_WARN_STRICT_PROTOTYPES = YES;
				CLANG_WARN_SUSPICIOUS_MOVE = YES;
				CLANG_WARN_UNGUARDED_AVAILABILITY = YES_AGGRESSIVE;
				CLANG_WARN_UNREACHABLE_CODE = YES;
				CLANG_WARN__DUPLICATE_METHOD_MATCH = YES;
				COPY_PHASE_STRIP = NO;
				DEBUG_INFORMATION_FORMAT = dwarf;
				ENABLE_STRICT_OBJC_MSGSEND = YES;
				ENABLE_TESTABILITY = YES;
				GCC_C_LANGUAGE_STANDARD = gnu11;
				GCC_DYNAMIC_NO_PIC = NO;
				GCC_NO_COMMON_BLOCKS = YES;
				GCC_OPTIMIZATION_LEVEL = 0;
				GCC_PREPROCESSOR_DEFINITIONS = (
					"DEBUG=1",
					"$(inherited)",
				);
				GCC_WARN_64_TO_32_BIT_CONVERSION = YES;
				GCC_WARN_ABOUT_RETURN_TYPE = YES_ERROR;
				GCC_WARN_UNDECLARED_SELECTOR = YES;
				GCC_WARN_UNINITIALIZED_AUTOS = YES_AGGRESSIVE;
				GCC_WARN_UNUSED_FUNCTION = YES;
				GCC_WARN_UNUSED_VARIABLE = YES;
				IPHONEOS_DEPLOYMENT_TARGET = 15.2;
				MTL_ENABLE_DEBUG_INFO = INCLUDE_SOURCE;
				MTL_FAST_MATH = YES;
				ONLY_ACTIVE_ARCH = YES;
				SDKROOT = iphoneos;
				SWIFT_ACTIVE_COMPILATION_CONDITIONS = DEBUG;
				SWIFT_OPTIMIZATION_LEVEL = "-Onone";
			};
			name = Debug;
		};
		F357746D28192833002FBCDA /* Release */ = {
			isa = XCBuildConfiguration;
			buildSettings = {
				ALWAYS_SEARCH_USER_PATHS = NO;
				CLANG_ANALYZER_NONNULL = YES;
				CLANG_ANALYZER_NUMBER_OBJECT_CONVERSION = YES_AGGRESSIVE;
				CLANG_CXX_LANGUAGE_STANDARD = "gnu++17";
				CLANG_CXX_LIBRARY = "libc++";
				CLANG_ENABLE_MODULES = YES;
				CLANG_ENABLE_OBJC_ARC = YES;
				CLANG_ENABLE_OBJC_WEAK = YES;
				CLANG_WARN_BLOCK_CAPTURE_AUTORELEASING = YES;
				CLANG_WARN_BOOL_CONVERSION = YES;
				CLANG_WARN_COMMA = YES;
				CLANG_WARN_CONSTANT_CONVERSION = YES;
				CLANG_WARN_DEPRECATED_OBJC_IMPLEMENTATIONS = YES;
				CLANG_WARN_DIRECT_OBJC_ISA_USAGE = YES_ERROR;
				CLANG_WARN_DOCUMENTATION_COMMENTS = YES;
				CLANG_WARN_EMPTY_BODY = YES;
				CLANG_WARN_ENUM_CONVERSION = YES;
				CLANG_WARN_INFINITE_RECURSION = YES;
				CLANG_WARN_INT_CONVERSION = YES;
				CLANG_WARN_NON_LITERAL_NULL_CONVERSION = YES;
				CLANG_WARN_OBJC_IMPLICIT_RETAIN_SELF = YES;
				CLANG_WARN_OBJC_LITERAL_CONVERSION = YES;
				CLANG_WARN_OBJC_ROOT_CLASS = YES_ERROR;
				CLANG_WARN_QUOTED_INCLUDE_IN_FRAMEWORK_HEADER = YES;
				CLANG_WARN_RANGE_LOOP_ANALYSIS = YES;
				CLANG_WARN_STRICT_PROTOTYPES = YES;
				CLANG_WARN_SUSPICIOUS_MOVE = YES;
				CLANG_WARN_UNGUARDED_AVAILABILITY = YES_AGGRESSIVE;
				CLANG_WARN_UNREACHABLE_CODE = YES;
				CLANG_WARN__DUPLICATE_METHOD_MATCH = YES;
				COPY_PHASE_STRIP = NO;
				DEBUG_INFORMATION_FORMAT = "dwarf-with-dsym";
				ENABLE_NS_ASSERTIONS = NO;
				ENABLE_STRICT_OBJC_MSGSEND = YES;
				GCC_C_LANGUAGE_STANDARD = gnu11;
				GCC_NO_COMMON_BLOCKS = YES;
				GCC_WARN_64_TO_32_BIT_CONVERSION = YES;
				GCC_WARN_ABOUT_RETURN_TYPE = YES_ERROR;
				GCC_WARN_UNDECLARED_SELECTOR = YES;
				GCC_WARN_UNINITIALIZED_AUTOS = YES_AGGRESSIVE;
				GCC_WARN_UNUSED_FUNCTION = YES;
				GCC_WARN_UNUSED_VARIABLE = YES;
				IPHONEOS_DEPLOYMENT_TARGET = 15.2;
				MTL_ENABLE_DEBUG_INFO = NO;
				MTL_FAST_MATH = YES;
				SDKROOT = iphoneos;
				SWIFT_COMPILATION_MODE = wholemodule;
				SWIFT_OPTIMIZATION_LEVEL = "-O";
				VALIDATE_PRODUCT = YES;
			};
			name = Release;
		};
		F357746F28192833002FBCDA /* Debug */ = {
			isa = XCBuildConfiguration;
			buildSettings = {
				ASSETCATALOG_COMPILER_APPICON_NAME = AppIcon;
				ASSETCATALOG_COMPILER_GLOBAL_ACCENT_COLOR_NAME = AccentColor;
				CODE_SIGN_STYLE = Automatic;
				CURRENT_PROJECT_VERSION = 1;
				DEVELOPMENT_ASSET_PATHS = "\"TaKNU/Preview Content\"";
				DEVELOPMENT_TEAM = 5T69RBDP68;
				ENABLE_PREVIEWS = YES;
				GENERATE_INFOPLIST_FILE = YES;
				INFOPLIST_KEY_UIApplicationSceneManifest_Generation = YES;
				INFOPLIST_KEY_UIApplicationSupportsIndirectInputEvents = YES;
				INFOPLIST_KEY_UILaunchScreen_Generation = YES;
				INFOPLIST_KEY_UISupportedInterfaceOrientations_iPad = "UIInterfaceOrientationPortrait UIInterfaceOrientationPortraitUpsideDown UIInterfaceOrientationLandscapeLeft UIInterfaceOrientationLandscapeRight";
				INFOPLIST_KEY_UISupportedInterfaceOrientations_iPhone = "UIInterfaceOrientationPortrait UIInterfaceOrientationLandscapeLeft UIInterfaceOrientationLandscapeRight";
				LD_RUNPATH_SEARCH_PATHS = (
					"$(inherited)",
					"@executable_path/Frameworks",
				);
				MARKETING_VERSION = 1.0;
				PRODUCT_BUNDLE_IDENTIFIER = knu.TaKNU;
				PRODUCT_NAME = "$(TARGET_NAME)";
				SWIFT_EMIT_LOC_STRINGS = YES;
				SWIFT_VERSION = 5.0;
				TARGETED_DEVICE_FAMILY = "1,2";
			};
			name = Debug;
		};
		F357747028192833002FBCDA /* Release */ = {
			isa = XCBuildConfiguration;
			buildSettings = {
				ASSETCATALOG_COMPILER_APPICON_NAME = AppIcon;
				ASSETCATALOG_COMPILER_GLOBAL_ACCENT_COLOR_NAME = AccentColor;
				CODE_SIGN_STYLE = Automatic;
				CURRENT_PROJECT_VERSION = 1;
				DEVELOPMENT_ASSET_PATHS = "\"TaKNU/Preview Content\"";
				DEVELOPMENT_TEAM = 5T69RBDP68;
				ENABLE_PREVIEWS = YES;
				GENERATE_INFOPLIST_FILE = YES;
				INFOPLIST_KEY_UIApplicationSceneManifest_Generation = YES;
				INFOPLIST_KEY_UIApplicationSupportsIndirectInputEvents = YES;
				INFOPLIST_KEY_UILaunchScreen_Generation = YES;
				INFOPLIST_KEY_UISupportedInterfaceOrientations_iPad = "UIInterfaceOrientationPortrait UIInterfaceOrientationPortraitUpsideDown UIInterfaceOrientationLandscapeLeft UIInterfaceOrientationLandscapeRight";
				INFOPLIST_KEY_UISupportedInterfaceOrientations_iPhone = "UIInterfaceOrientationPortrait UIInterfaceOrientationLandscapeLeft UIInterfaceOrientationLandscapeRight";
				LD_RUNPATH_SEARCH_PATHS = (
					"$(inherited)",
					"@executable_path/Frameworks",
				);
				MARKETING_VERSION = 1.0;
				PRODUCT_BUNDLE_IDENTIFIER = knu.TaKNU;
				PRODUCT_NAME = "$(TARGET_NAME)";
				SWIFT_EMIT_LOC_STRINGS = YES;
				SWIFT_VERSION = 5.0;
				TARGETED_DEVICE_FAMILY = "1,2";
			};
			name = Release;
		};
/* End XCBuildConfiguration section */

/* Begin XCConfigurationList section */
		F357745B28192832002FBCDA /* Build configuration list for PBXProject "TaKNU" */ = {
			isa = XCConfigurationList;
			buildConfigurations = (
				F357746C28192833002FBCDA /* Debug */,
				F357746D28192833002FBCDA /* Release */,
			);
			defaultConfigurationIsVisible = 0;
			defaultConfigurationName = Release;
		};
		F357746E28192833002FBCDA /* Build configuration list for PBXNativeTarget "TaKNU" */ = {
			isa = XCConfigurationList;
			buildConfigurations = (
				F357746F28192833002FBCDA /* Debug */,
				F357747028192833002FBCDA /* Release */,
			);
			defaultConfigurationIsVisible = 0;
			defaultConfigurationName = Release;
		};
/* End XCConfigurationList section */

/* Begin XCRemoteSwiftPackageReference section */
		F3D29C672822684A007F5070 /* XCRemoteSwiftPackageReference "firebase-ios-sdk" */ = {
			isa = XCRemoteSwiftPackageReference;
			repositoryURL = "https://github.com/firebase/firebase-ios-sdk";
			requirement = {
				kind = upToNextMajorVersion;
				minimumVersion = 8.0.0;
			};
		};
/* End XCRemoteSwiftPackageReference section */

/* Begin XCSwiftPackageProductDependency section */
		F3D29C682822684B007F5070 /* FirebaseAnalytics */ = {
			isa = XCSwiftPackageProductDependency;
			package = F3D29C672822684A007F5070 /* XCRemoteSwiftPackageReference "firebase-ios-sdk" */;
			productName = FirebaseAnalytics;
		};
		F3D29C6A2822684B007F5070 /* FirebaseAnalyticsSwift-Beta */ = {
			isa = XCSwiftPackageProductDependency;
			package = F3D29C672822684A007F5070 /* XCRemoteSwiftPackageReference "firebase-ios-sdk" */;
			productName = "FirebaseAnalyticsSwift-Beta";
		};
		F3D29C6C2822684B007F5070 /* FirebaseAnalyticsWithoutAdIdSupport */ = {
			isa = XCSwiftPackageProductDependency;
			package = F3D29C672822684A007F5070 /* XCRemoteSwiftPackageReference "firebase-ios-sdk" */;
			productName = FirebaseAnalyticsWithoutAdIdSupport;
		};
		F3D29C6E2822684B007F5070 /* FirebaseAppCheck */ = {
			isa = XCSwiftPackageProductDependency;
			package = F3D29C672822684A007F5070 /* XCRemoteSwiftPackageReference "firebase-ios-sdk" */;
			productName = FirebaseAppCheck;
		};
		F3D29C702822684B007F5070 /* FirebaseAppDistribution-Beta */ = {
			isa = XCSwiftPackageProductDependency;
			package = F3D29C672822684A007F5070 /* XCRemoteSwiftPackageReference "firebase-ios-sdk" */;
			productName = "FirebaseAppDistribution-Beta";
		};
		F3D29C722822684B007F5070 /* FirebaseAuth */ = {
			isa = XCSwiftPackageProductDependency;
			package = F3D29C672822684A007F5070 /* XCRemoteSwiftPackageReference "firebase-ios-sdk" */;
			productName = FirebaseAuth;
		};
		F3D29C742822684B007F5070 /* FirebaseAuthCombine-Community */ = {
			isa = XCSwiftPackageProductDependency;
			package = F3D29C672822684A007F5070 /* XCRemoteSwiftPackageReference "firebase-ios-sdk" */;
			productName = "FirebaseAuthCombine-Community";
		};
		F3D29C762822684B007F5070 /* FirebaseCrashlytics */ = {
			isa = XCSwiftPackageProductDependency;
			package = F3D29C672822684A007F5070 /* XCRemoteSwiftPackageReference "firebase-ios-sdk" */;
			productName = FirebaseCrashlytics;
		};
		F3D29C782822684B007F5070 /* FirebaseDatabase */ = {
			isa = XCSwiftPackageProductDependency;
			package = F3D29C672822684A007F5070 /* XCRemoteSwiftPackageReference "firebase-ios-sdk" */;
			productName = FirebaseDatabase;
		};
		F3D29C7A2822684B007F5070 /* FirebaseDatabaseSwift-Beta */ = {
			isa = XCSwiftPackageProductDependency;
			package = F3D29C672822684A007F5070 /* XCRemoteSwiftPackageReference "firebase-ios-sdk" */;
			productName = "FirebaseDatabaseSwift-Beta";
		};
		F3D29C7C2822684B007F5070 /* FirebaseDynamicLinks */ = {
			isa = XCSwiftPackageProductDependency;
			package = F3D29C672822684A007F5070 /* XCRemoteSwiftPackageReference "firebase-ios-sdk" */;
			productName = FirebaseDynamicLinks;
		};
		F3D29C7E2822684B007F5070 /* FirebaseFirestore */ = {
			isa = XCSwiftPackageProductDependency;
			package = F3D29C672822684A007F5070 /* XCRemoteSwiftPackageReference "firebase-ios-sdk" */;
			productName = FirebaseFirestore;
		};
		F3D29C802822684B007F5070 /* FirebaseFirestoreCombine-Community */ = {
			isa = XCSwiftPackageProductDependency;
			package = F3D29C672822684A007F5070 /* XCRemoteSwiftPackageReference "firebase-ios-sdk" */;
			productName = "FirebaseFirestoreCombine-Community";
		};
		F3D29C822822684B007F5070 /* FirebaseFirestoreSwift-Beta */ = {
			isa = XCSwiftPackageProductDependency;
			package = F3D29C672822684A007F5070 /* XCRemoteSwiftPackageReference "firebase-ios-sdk" */;
			productName = "FirebaseFirestoreSwift-Beta";
		};
		F3D29C842822684B007F5070 /* FirebaseFunctions */ = {
			isa = XCSwiftPackageProductDependency;
			package = F3D29C672822684A007F5070 /* XCRemoteSwiftPackageReference "firebase-ios-sdk" */;
			productName = FirebaseFunctions;
		};
		F3D29C862822684B007F5070 /* FirebaseInAppMessaging-Beta */ = {
			isa = XCSwiftPackageProductDependency;
			package = F3D29C672822684A007F5070 /* XCRemoteSwiftPackageReference "firebase-ios-sdk" */;
			productName = "FirebaseInAppMessaging-Beta";
		};
		F3D29C882822684B007F5070 /* FirebaseInAppMessagingSwift-Beta */ = {
			isa = XCSwiftPackageProductDependency;
			package = F3D29C672822684A007F5070 /* XCRemoteSwiftPackageReference "firebase-ios-sdk" */;
			productName = "FirebaseInAppMessagingSwift-Beta";
		};
		F3D29C8A2822684B007F5070 /* FirebaseMessaging */ = {
			isa = XCSwiftPackageProductDependency;
			package = F3D29C672822684A007F5070 /* XCRemoteSwiftPackageReference "firebase-ios-sdk" */;
			productName = FirebaseMessaging;
		};
		F3D29C8C2822684B007F5070 /* FirebaseRemoteConfig */ = {
			isa = XCSwiftPackageProductDependency;
			package = F3D29C672822684A007F5070 /* XCRemoteSwiftPackageReference "firebase-ios-sdk" */;
			productName = FirebaseRemoteConfig;
		};
		F3D29C8E2822684B007F5070 /* FirebaseRemoteConfigSwift-Beta */ = {
			isa = XCSwiftPackageProductDependency;
			package = F3D29C672822684A007F5070 /* XCRemoteSwiftPackageReference "firebase-ios-sdk" */;
			productName = "FirebaseRemoteConfigSwift-Beta";
		};
		F3D29C902822684B007F5070 /* FirebaseStorage */ = {
			isa = XCSwiftPackageProductDependency;
			package = F3D29C672822684A007F5070 /* XCRemoteSwiftPackageReference "firebase-ios-sdk" */;
			productName = FirebaseStorage;
		};
		F3D29C922822684B007F5070 /* FirebaseStorageCombine-Community */ = {
			isa = XCSwiftPackageProductDependency;
			package = F3D29C672822684A007F5070 /* XCRemoteSwiftPackageReference "firebase-ios-sdk" */;
			productName = "FirebaseStorageCombine-Community";
		};
		F3D29C942822684B007F5070 /* FirebaseStorageSwift-Beta */ = {
			isa = XCSwiftPackageProductDependency;
			package = F3D29C672822684A007F5070 /* XCRemoteSwiftPackageReference "firebase-ios-sdk" */;
			productName = "FirebaseStorageSwift-Beta";
		};
/* End XCSwiftPackageProductDependency section */
	};
	rootObject = F357745828192832002FBCDA /* Project object */;
}
